// !$*UTF8*$!
{
	archiveVersion = 1;
	classes = {
	};
	objectVersion = 46;
	objects = {

/* Begin PBXBuildFile section */
		0069FD2F87D7BB4508D39BD1 /* Pods_SwiftCodeFragments.framework in Frameworks */ = {isa = PBXBuildFile; fileRef = 27CA7C5602B0ED5DD00F5F4F /* Pods_SwiftCodeFragments.framework */; };
		BD4504B41E372C760066FCF0 /* AppDelegate.swift in Sources */ = {isa = PBXBuildFile; fileRef = BD4504B31E372C760066FCF0 /* AppDelegate.swift */; };
		BD4504B61E372C760066FCF0 /* ViewController.swift in Sources */ = {isa = PBXBuildFile; fileRef = BD4504B51E372C760066FCF0 /* ViewController.swift */; };
		BD4504B91E372C760066FCF0 /* Main.storyboard in Resources */ = {isa = PBXBuildFile; fileRef = BD4504B71E372C760066FCF0 /* Main.storyboard */; };
		BD4504BB1E372C760066FCF0 /* Assets.xcassets in Resources */ = {isa = PBXBuildFile; fileRef = BD4504BA1E372C760066FCF0 /* Assets.xcassets */; };
		BD4504BE1E372C760066FCF0 /* LaunchScreen.storyboard in Resources */ = {isa = PBXBuildFile; fileRef = BD4504BC1E372C760066FCF0 /* LaunchScreen.storyboard */; };
		BD4504C91E374AFA0066FCF0 /* KDInteractiveNavigationController.swift in Sources */ = {isa = PBXBuildFile; fileRef = BD4504C71E374AFA0066FCF0 /* KDInteractiveNavigationController.swift */; };
		BD4504CA1E374AFA0066FCF0 /* UIViewController+InteractiveNavigation.swift in Sources */ = {isa = PBXBuildFile; fileRef = BD4504C81E374AFA0066FCF0 /* UIViewController+InteractiveNavigation.swift */; };
		BD4504CE1E374B730066FCF0 /* IndicatorView.swift in Sources */ = {isa = PBXBuildFile; fileRef = BD4504CC1E374B730066FCF0 /* IndicatorView.swift */; };
		BD4504CF1E374B730066FCF0 /* MRPullToRefreshLoadMore.swift in Sources */ = {isa = PBXBuildFile; fileRef = BD4504CD1E374B730066FCF0 /* MRPullToRefreshLoadMore.swift */; };
/* End PBXBuildFile section */

/* Begin PBXFileReference section */
		27CA7C5602B0ED5DD00F5F4F /* Pods_SwiftCodeFragments.framework */ = {isa = PBXFileReference; explicitFileType = wrapper.framework; includeInIndex = 0; path = Pods_SwiftCodeFragments.framework; sourceTree = BUILT_PRODUCTS_DIR; };
		5DD52B258095640E6FF4EF39 /* Pods-SwiftCodeFragments.debug.xcconfig */ = {isa = PBXFileReference; includeInIndex = 1; lastKnownFileType = text.xcconfig; name = "Pods-SwiftCodeFragments.debug.xcconfig"; path = "Pods/Target Support Files/Pods-SwiftCodeFragments/Pods-SwiftCodeFragments.debug.xcconfig"; sourceTree = "<group>"; };
		6919F4BA5AA827CBFEBE975D /* Pods-SwiftCodeFragments.release.xcconfig */ = {isa = PBXFileReference; includeInIndex = 1; lastKnownFileType = text.xcconfig; name = "Pods-SwiftCodeFragments.release.xcconfig"; path = "Pods/Target Support Files/Pods-SwiftCodeFragments/Pods-SwiftCodeFragments.release.xcconfig"; sourceTree = "<group>"; };
		BD4504B01E372C760066FCF0 /* SwiftCodeFragments.app */ = {isa = PBXFileReference; explicitFileType = wrapper.application; includeInIndex = 0; path = SwiftCodeFragments.app; sourceTree = BUILT_PRODUCTS_DIR; };
		BD4504B31E372C760066FCF0 /* AppDelegate.swift */ = {isa = PBXFileReference; lastKnownFileType = sourcecode.swift; path = AppDelegate.swift; sourceTree = "<group>"; };
		BD4504B51E372C760066FCF0 /* ViewController.swift */ = {isa = PBXFileReference; lastKnownFileType = sourcecode.swift; path = ViewController.swift; sourceTree = "<group>"; };
		BD4504B81E372C760066FCF0 /* Base */ = {isa = PBXFileReference; lastKnownFileType = file.storyboard; name = Base; path = Base.lproj/Main.storyboard; sourceTree = "<group>"; };
		BD4504BA1E372C760066FCF0 /* Assets.xcassets */ = {isa = PBXFileReference; lastKnownFileType = folder.assetcatalog; path = Assets.xcassets; sourceTree = "<group>"; };
		BD4504BD1E372C760066FCF0 /* Base */ = {isa = PBXFileReference; lastKnownFileType = file.storyboard; name = Base; path = Base.lproj/LaunchScreen.storyboard; sourceTree = "<group>"; };
		BD4504BF1E372C760066FCF0 /* Info.plist */ = {isa = PBXFileReference; lastKnownFileType = text.plist.xml; path = Info.plist; sourceTree = "<group>"; };
		BD4504C71E374AFA0066FCF0 /* KDInteractiveNavigationController.swift */ = {isa = PBXFileReference; fileEncoding = 4; lastKnownFileType = sourcecode.swift; path = KDInteractiveNavigationController.swift; sourceTree = "<group>"; };
		BD4504C81E374AFA0066FCF0 /* UIViewController+InteractiveNavigation.swift */ = {isa = PBXFileReference; fileEncoding = 4; lastKnownFileType = sourcecode.swift; path = "UIViewController+InteractiveNavigation.swift"; sourceTree = "<group>"; };
		BD4504CC1E374B730066FCF0 /* IndicatorView.swift */ = {isa = PBXFileReference; fileEncoding = 4; lastKnownFileType = sourcecode.swift; path = IndicatorView.swift; sourceTree = "<group>"; };
		BD4504CD1E374B730066FCF0 /* MRPullToRefreshLoadMore.swift */ = {isa = PBXFileReference; fileEncoding = 4; lastKnownFileType = sourcecode.swift; path = MRPullToRefreshLoadMore.swift; sourceTree = "<group>"; };
/* End PBXFileReference section */

/* Begin PBXFrameworksBuildPhase section */
		BD4504AD1E372C760066FCF0 /* Frameworks */ = {
			isa = PBXFrameworksBuildPhase;
			buildActionMask = 2147483647;
			files = (
				0069FD2F87D7BB4508D39BD1 /* Pods_SwiftCodeFragments.framework in Frameworks */,
			);
			runOnlyForDeploymentPostprocessing = 0;
		};
/* End PBXFrameworksBuildPhase section */

/* Begin PBXGroup section */
		4F8317499873F05EBC4578FF /* Pods */ = {
			isa = PBXGroup;
			children = (
				5DD52B258095640E6FF4EF39 /* Pods-SwiftCodeFragments.debug.xcconfig */,
				6919F4BA5AA827CBFEBE975D /* Pods-SwiftCodeFragments.release.xcconfig */,
			);
			name = Pods;
			sourceTree = "<group>";
		};
		719C4C69157FCBF5048B8F9F /* Frameworks */ = {
			isa = PBXGroup;
			children = (
				27CA7C5602B0ED5DD00F5F4F /* Pods_SwiftCodeFragments.framework */,
			);
			name = Frameworks;
			sourceTree = "<group>";
		};
		BD4504A71E372C760066FCF0 = {
			isa = PBXGroup;
			children = (
				BD4504B21E372C760066FCF0 /* SwiftCodeFragments */,
				BD4504B11E372C760066FCF0 /* Products */,
				4F8317499873F05EBC4578FF /* Pods */,
				719C4C69157FCBF5048B8F9F /* Frameworks */,
			);
			sourceTree = "<group>";
		};
		BD4504B11E372C760066FCF0 /* Products */ = {
			isa = PBXGroup;
			children = (
				BD4504B01E372C760066FCF0 /* SwiftCodeFragments.app */,
			);
			name = Products;
			sourceTree = "<group>";
		};
		BD4504B21E372C760066FCF0 /* SwiftCodeFragments */ = {
			isa = PBXGroup;
			children = (
				BD4504B31E372C760066FCF0 /* AppDelegate.swift */,
				BD4504B51E372C760066FCF0 /* ViewController.swift */,
				BD4504B71E372C760066FCF0 /* Main.storyboard */,
				BD4504BA1E372C760066FCF0 /* Assets.xcassets */,
				BD4504BC1E372C760066FCF0 /* LaunchScreen.storyboard */,
				BD4504BF1E372C760066FCF0 /* Info.plist */,
				BD4504C51E374AFA0066FCF0 /* Frameworks */,
			);
			path = SwiftCodeFragments;
			sourceTree = "<group>";
		};
		BD4504C51E374AFA0066FCF0 /* Frameworks */ = {
			isa = PBXGroup;
			children = (
				BD4504CB1E374B730066FCF0 /* MRPullToRefreshLoadMore */,
				BD4504C61E374AFA0066FCF0 /* KDInteractiveNavigationController */,
			);
			path = Frameworks;
			sourceTree = "<group>";
		};
		BD4504C61E374AFA0066FCF0 /* KDInteractiveNavigationController */ = {
			isa = PBXGroup;
			children = (
				BD4504C71E374AFA0066FCF0 /* KDInteractiveNavigationController.swift */,
				BD4504C81E374AFA0066FCF0 /* UIViewController+InteractiveNavigation.swift */,
			);
			path = KDInteractiveNavigationController;
			sourceTree = "<group>";
		};
		BD4504CB1E374B730066FCF0 /* MRPullToRefreshLoadMore */ = {
			isa = PBXGroup;
			children = (
				BD4504CC1E374B730066FCF0 /* IndicatorView.swift */,
				BD4504CD1E374B730066FCF0 /* MRPullToRefreshLoadMore.swift */,
			);
			path = MRPullToRefreshLoadMore;
			sourceTree = "<group>";
		};
/* End PBXGroup section */

/* Begin PBXNativeTarget section */
		BD4504AF1E372C760066FCF0 /* SwiftCodeFragments */ = {
			isa = PBXNativeTarget;
			buildConfigurationList = BD4504C21E372C760066FCF0 /* Build configuration list for PBXNativeTarget "SwiftCodeFragments" */;
			buildPhases = (
				912ADB5BDF00D495AEE7B142 /* [CP] Check Pods Manifest.lock */,
				BD4504AC1E372C760066FCF0 /* Sources */,
				BD4504AD1E372C760066FCF0 /* Frameworks */,
				BD4504AE1E372C760066FCF0 /* Resources */,
				1BD2CFBAE32E68724BE43AD4 /* [CP] Embed Pods Frameworks */,
				01540410624AB7BC12456B97 /* [CP] Copy Pods Resources */,
			);
			buildRules = (
			);
			dependencies = (
			);
			name = SwiftCodeFragments;
			productName = SwiftCodeFragments;
			productReference = BD4504B01E372C760066FCF0 /* SwiftCodeFragments.app */;
			productType = "com.apple.product-type.application";
		};
/* End PBXNativeTarget section */

/* Begin PBXProject section */
		BD4504A81E372C760066FCF0 /* Project object */ = {
			isa = PBXProject;
			attributes = {
				LastSwiftUpdateCheck = 0820;
				LastUpgradeCheck = 0820;
				ORGANIZATIONNAME = SpeedX;
				TargetAttributes = {
					BD4504AF1E372C760066FCF0 = {
						CreatedOnToolsVersion = 8.2.1;
						DevelopmentTeam = 72D439SU53;
						ProvisioningStyle = Automatic;
					};
				};
			};
			buildConfigurationList = BD4504AB1E372C760066FCF0 /* Build configuration list for PBXProject "SwiftCodeFragments" */;
			compatibilityVersion = "Xcode 3.2";
			developmentRegion = English;
			hasScannedForEncodings = 0;
			knownRegions = (
				en,
				Base,
			);
			mainGroup = BD4504A71E372C760066FCF0;
			productRefGroup = BD4504B11E372C760066FCF0 /* Products */;
			projectDirPath = "";
			projectRoot = "";
			targets = (
				BD4504AF1E372C760066FCF0 /* SwiftCodeFragments */,
			);
		};
/* End PBXProject section */

/* Begin PBXResourcesBuildPhase section */
		BD4504AE1E372C760066FCF0 /* Resources */ = {
			isa = PBXResourcesBuildPhase;
			buildActionMask = 2147483647;
			files = (
				BD4504BE1E372C760066FCF0 /* LaunchScreen.storyboard in Resources */,
				BD4504BB1E372C760066FCF0 /* Assets.xcassets in Resources */,
				BD4504B91E372C760066FCF0 /* Main.storyboard in Resources */,
			);
			runOnlyForDeploymentPostprocessing = 0;
		};
/* End PBXResourcesBuildPhase section */

/* Begin PBXShellScriptBuildPhase section */
		01540410624AB7BC12456B97 /* [CP] Copy Pods Resources */ = {
			isa = PBXShellScriptBuildPhase;
			buildActionMask = 2147483647;
			files = (
			);
			inputPaths = (
			);
			name = "[CP] Copy Pods Resources";
			outputPaths = (
			);
			runOnlyForDeploymentPostprocessing = 0;
			shellPath = /bin/sh;
			shellScript = "\"${SRCROOT}/Pods/Target Support Files/Pods-SwiftCodeFragments/Pods-SwiftCodeFragments-resources.sh\"\n";
			showEnvVarsInLog = 0;
		};
		1BD2CFBAE32E68724BE43AD4 /* [CP] Embed Pods Frameworks */ = {
			isa = PBXShellScriptBuildPhase;
			buildActionMask = 2147483647;
			files = (
			);
			inputPaths = (
			);
			name = "[CP] Embed Pods Frameworks";
			outputPaths = (
			);
			runOnlyForDeploymentPostprocessing = 0;
			shellPath = /bin/sh;
			shellScript = "\"${SRCROOT}/Pods/Target Support Files/Pods-SwiftCodeFragments/Pods-SwiftCodeFragments-frameworks.sh\"\n";
			showEnvVarsInLog = 0;
		};
		912ADB5BDF00D495AEE7B142 /* [CP] Check Pods Manifest.lock */ = {
			isa = PBXShellScriptBuildPhase;
			buildActionMask = 2147483647;
			files = (
			);
			inputPaths = (
			);
			name = "[CP] Check Pods Manifest.lock";
			outputPaths = (
			);
			runOnlyForDeploymentPostprocessing = 0;
			shellPath = /bin/sh;
			shellScript = "diff \"${PODS_ROOT}/../Podfile.lock\" \"${PODS_ROOT}/Manifest.lock\" > /dev/null\nif [ $? != 0 ] ; then\n    # print error to STDERR\n    echo \"error: The sandbox is not in sync with the Podfile.lock. Run 'pod install' or update your CocoaPods installation.\" >&2\n    exit 1\nfi\n";
			showEnvVarsInLog = 0;
		};
/* End PBXShellScriptBuildPhase section */

/* Begin PBXSourcesBuildPhase section */
		BD4504AC1E372C760066FCF0 /* Sources */ = {
			isa = PBXSourcesBuildPhase;
			buildActionMask = 2147483647;
			files = (
				BD4504C91E374AFA0066FCF0 /* KDInteractiveNavigationController.swift in Sources */,
				BD4504CA1E374AFA0066FCF0 /* UIViewController+InteractiveNavigation.swift in Sources */,
				BD4504B61E372C760066FCF0 /* ViewController.swift in Sources */,
				BD4504CF1E374B730066FCF0 /* MRPullToRefreshLoadMore.swift in Sources */,
				BD4504B41E372C760066FCF0 /* AppDelegate.swift in Sources */,
				BD4504CE1E374B730066FCF0 /* IndicatorView.swift in Sources */,
			);
			runOnlyForDeploymentPostprocessing = 0;
		};
/* End PBXSourcesBuildPhase section */

/* Begin PBXVariantGroup section */
		BD4504B71E372C760066FCF0 /* Main.storyboard */ = {
			isa = PBXVariantGroup;
			children = (
				BD4504B81E372C760066FCF0 /* Base */,
			);
			name = Main.storyboard;
			sourceTree = "<group>";
		};
		BD4504BC1E372C760066FCF0 /* LaunchScreen.storyboard */ = {
			isa = PBXVariantGroup;
			children = (
				BD4504BD1E372C760066FCF0 /* Base */,
			);
			name = LaunchScreen.storyboard;
			sourceTree = "<group>";
		};
/* End PBXVariantGroup section */

/* Begin XCBuildConfiguration section */
		BD4504C01E372C760066FCF0 /* Debug */ = {
			isa = XCBuildConfiguration;
			buildSettings = {
				ALWAYS_SEARCH_USER_PATHS = NO;
				CLANG_ANALYZER_NONNULL = YES;
				CLANG_CXX_LANGUAGE_STANDARD = "gnu++0x";
				CLANG_CXX_LIBRARY = "libc++";
				CLANG_ENABLE_MODULES = YES;
				CLANG_ENABLE_OBJC_ARC = YES;
				CLANG_WARN_BOOL_CONVERSION = YES;
				CLANG_WARN_CONSTANT_CONVERSION = YES;
				CLANG_WARN_DIRECT_OBJC_ISA_USAGE = YES_ERROR;
				CLANG_WARN_DOCUMENTATION_COMMENTS = YES;
				CLANG_WARN_EMPTY_BODY = YES;
				CLANG_WARN_ENUM_CONVERSION = YES;
				CLANG_WARN_INFINITE_RECURSION = YES;
				CLANG_WARN_INT_CONVERSION = YES;
				CLANG_WARN_OBJC_ROOT_CLASS = YES_ERROR;
				CLANG_WARN_SUSPICIOUS_MOVE = YES;
				CLANG_WARN_UNREACHABLE_CODE = YES;
				CLANG_WARN__DUPLICATE_METHOD_MATCH = YES;
				"CODE_SIGN_IDENTITY[sdk=iphoneos*]" = "iPhone Developer";
				COPY_PHASE_STRIP = NO;
				DEBUG_INFORMATION_FORMAT = dwarf;
				ENABLE_STRICT_OBJC_MSGSEND = YES;
				ENABLE_TESTABILITY = YES;
				GCC_C_LANGUAGE_STANDARD = gnu99;
				GCC_DYNAMIC_NO_PIC = NO;
				GCC_NO_COMMON_BLOCKS = YES;
				GCC_OPTIMIZATION_LEVEL = 0;
				GCC_PREPROCESSOR_DEFINITIONS = (
					"DEBUG=1",
					"$(inherited)",
				);
				GCC_WARN_64_TO_32_BIT_CONVERSION = YES;
				GCC_WARN_ABOUT_RETURN_TYPE = YES_ERROR;
				GCC_WARN_UNDECLARED_SELECTOR = YES;
				GCC_WARN_UNINITIALIZED_AUTOS = YES_AGGRESSIVE;
				GCC_WARN_UNUSED_FUNCTION = YES;
				GCC_WARN_UNUSED_VARIABLE = YES;
				IPHONEOS_DEPLOYMENT_TARGET = 9.0;
				MTL_ENABLE_DEBUG_INFO = YES;
				ONLY_ACTIVE_ARCH = YES;
				SDKROOT = iphoneos;
				SWIFT_ACTIVE_COMPILATION_CONDITIONS = DEBUG;
				SWIFT_OPTIMIZATION_LEVEL = "-Onone";
			};
			name = Debug;
		};
		BD4504C11E372C760066FCF0 /* Release */ = {
			isa = XCBuildConfiguration;
			buildSettings = {
				ALWAYS_SEARCH_USER_PATHS = NO;
				CLANG_ANALYZER_NONNULL = YES;
				CLANG_CXX_LANGUAGE_STANDARD = "gnu++0x";
				CLANG_CXX_LIBRARY = "libc++";
				CLANG_ENABLE_MODULES = YES;
				CLANG_ENABLE_OBJC_ARC = YES;
				CLANG_WARN_BOOL_CONVERSION = YES;
				CLANG_WARN_CONSTANT_CONVERSION = YES;
				CLANG_WARN_DIRECT_OBJC_ISA_USAGE = YES_ERROR;
				CLANG_WARN_DOCUMENTATION_COMMENTS = YES;
				CLANG_WARN_EMPTY_BODY = YES;
				CLANG_WARN_ENUM_CONVERSION = YES;
				CLANG_WARN_INFINITE_RECURSION = YES;
				CLANG_WARN_INT_CONVERSION = YES;
				CLANG_WARN_OBJC_ROOT_CLASS = YES_ERROR;
				CLANG_WARN_SUSPICIOUS_MOVE = YES;
				CLANG_WARN_UNREACHABLE_CODE = YES;
				CLANG_WARN__DUPLICATE_METHOD_MATCH = YES;
				"CODE_SIGN_IDENTITY[sdk=iphoneos*]" = "iPhone Developer";
				COPY_PHASE_STRIP = NO;
				DEBUG_INFORMATION_FORMAT = "dwarf-with-dsym";
				ENABLE_NS_ASSERTIONS = NO;
				ENABLE_STRICT_OBJC_MSGSEND = YES;
				GCC_C_LANGUAGE_STANDARD = gnu99;
				GCC_NO_COMMON_BLOCKS = YES;
				GCC_WARN_64_TO_32_BIT_CONVERSION = YES;
				GCC_WARN_ABOUT_RETURN_TYPE = YES_ERROR;
				GCC_WARN_UNDECLARED_SELECTOR = YES;
				GCC_WARN_UNINITIALIZED_AUTOS = YES_AGGRESSIVE;
				GCC_WARN_UNUSED_FUNCTION = YES;
				GCC_WARN_UNUSED_VARIABLE = YES;
				IPHONEOS_DEPLOYMENT_TARGET = 9.0;
				MTL_ENABLE_DEBUG_INFO = NO;
				SDKROOT = iphoneos;
				SWIFT_OPTIMIZATION_LEVEL = "-Owholemodule";
				VALIDATE_PRODUCT = YES;
			};
			name = Release;
		};
		BD4504C31E372C760066FCF0 /* Debug */ = {
			isa = XCBuildConfiguration;
			baseConfigurationReference = 5DD52B258095640E6FF4EF39 /* Pods-SwiftCodeFragments.debug.xcconfig */;
			buildSettings = {
				ALWAYS_EMBED_SWIFT_STANDARD_LIBRARIES = YES;
				ASSETCATALOG_COMPILER_APPICON_NAME = AppIcon;
				DEVELOPMENT_TEAM = 72D439SU53;
				INFOPLIST_FILE = SwiftCodeFragments/Info.plist;
				LD_RUNPATH_SEARCH_PATHS = "$(inherited) @executable_path/Frameworks";
				PRODUCT_BUNDLE_IDENTIFIER = com.SpeedX.SwiftCodeFragments;
				PRODUCT_NAME = "$(TARGET_NAME)";
				SWIFT_VERSION = 3.0;
			};
			name = Debug;
		};
		BD4504C41E372C760066FCF0 /* Release */ = {
			isa = XCBuildConfiguration;
			baseConfigurationReference = 6919F4BA5AA827CBFEBE975D /* Pods-SwiftCodeFragments.release.xcconfig */;
			buildSettings = {
				ALWAYS_EMBED_SWIFT_STANDARD_LIBRARIES = YES;
				ASSETCATALOG_COMPILER_APPICON_NAME = AppIcon;
				DEVELOPMENT_TEAM = 72D439SU53;
				INFOPLIST_FILE = SwiftCodeFragments/Info.plist;
				LD_RUNPATH_SEARCH_PATHS = "$(inherited) @executable_path/Frameworks";
				PRODUCT_BUNDLE_IDENTIFIER = com.SpeedX.SwiftCodeFragments;
				PRODUCT_NAME = "$(TARGET_NAME)";
				SWIFT_VERSION = 3.0;
			};
			name = Release;
		};
/* End XCBuildConfiguration section */

/* Begin XCConfigurationList section */
		BD4504AB1E372C760066FCF0 /* Build configuration list for PBXProject "SwiftCodeFragments" */ = {
			isa = XCConfigurationList;
			buildConfigurations = (
				BD4504C01E372C760066FCF0 /* Debug */,
				BD4504C11E372C760066FCF0 /* Release */,
			);
			defaultConfigurationIsVisible = 0;
			defaultConfigurationName = Release;
		};
		BD4504C21E372C760066FCF0 /* Build configuration list for PBXNativeTarget "SwiftCodeFragments" */ = {
			isa = XCConfigurationList;
			buildConfigurations = (
				BD4504C31E372C760066FCF0 /* Debug */,
				BD4504C41E372C760066FCF0 /* Release */,
			);
			defaultConfigurationIsVisible = 0;
			defaultConfigurationName = Release;
		};
/* End XCConfigurationList section */
	};
	rootObject = BD4504A81E372C760066FCF0 /* Project object */;
}
