// !$*UTF8*$!
{
	archiveVersion = 1;
	classes = {
	};
	objectVersion = 46;
	objects = {

/* Begin PBXBuildFile section */
		0069FD2F87D7BB4508D39BD1 /* Pods_SwiftCodeFragments.framework in Frameworks */ = {isa = PBXBuildFile; fileRef = 27CA7C5602B0ED5DD00F5F4F /* Pods_SwiftCodeFragments.framework */; };
		BD4504B41E372C760066FCF0 /* AppDelegate.swift in Sources */ = {isa = PBXBuildFile; fileRef = BD4504B31E372C760066FCF0 /* AppDelegate.swift */; };
		BD4504BB1E372C760066FCF0 /* Assets.xcassets in Resources */ = {isa = PBXBuildFile; fileRef = BD4504BA1E372C760066FCF0 /* Assets.xcassets */; };
		BD4504C91E374AFA0066FCF0 /* KDInteractiveNavigationController.swift in Sources */ = {isa = PBXBuildFile; fileRef = BD4504C71E374AFA0066FCF0 /* KDInteractiveNavigationController.swift */; };
		BD4504CA1E374AFA0066FCF0 /* UIViewController+InteractiveNavigation.swift in Sources */ = {isa = PBXBuildFile; fileRef = BD4504C81E374AFA0066FCF0 /* UIViewController+InteractiveNavigation.swift */; };
		BD4504CE1E374B730066FCF0 /* IndicatorView.swift in Sources */ = {isa = PBXBuildFile; fileRef = BD4504CC1E374B730066FCF0 /* IndicatorView.swift */; };
		BD4504CF1E374B730066FCF0 /* MRPullToRefreshLoadMore.swift in Sources */ = {isa = PBXBuildFile; fileRef = BD4504CD1E374B730066FCF0 /* MRPullToRefreshLoadMore.swift */; };
		BD4504D71E3750C10066FCF0 /* XHTabBar.swift in Sources */ = {isa = PBXBuildFile; fileRef = BD4504D61E3750C10066FCF0 /* XHTabBar.swift */; };
		BD4504D91E3750D60066FCF0 /* BaseViewController.swift in Sources */ = {isa = PBXBuildFile; fileRef = BD4504D81E3750D60066FCF0 /* BaseViewController.swift */; };
		BD4504DD1E3750DF0066FCF0 /* PathMacros.swift in Sources */ = {isa = PBXBuildFile; fileRef = BD4504DA1E3750DF0066FCF0 /* PathMacros.swift */; };
		BD4504DE1E3750DF0066FCF0 /* SizeMacros.swift in Sources */ = {isa = PBXBuildFile; fileRef = BD4504DB1E3750DF0066FCF0 /* SizeMacros.swift */; };
		BD4504DF1E3750DF0066FCF0 /* UtilMacros.swift in Sources */ = {isa = PBXBuildFile; fileRef = BD4504DC1E3750DF0066FCF0 /* UtilMacros.swift */; };
		BD4504E21E3750E80066FCF0 /* BaseRequestManager.swift in Sources */ = {isa = PBXBuildFile; fileRef = BD4504E01E3750E80066FCF0 /* BaseRequestManager.swift */; };
		BD4504E31E3750E80066FCF0 /* JokeRequestManager.swift in Sources */ = {isa = PBXBuildFile; fileRef = BD4504E11E3750E80066FCF0 /* JokeRequestManager.swift */; };
		BD4504F21E3750F30066FCF0 /* UINib+Extension.swift in Sources */ = {isa = PBXBuildFile; fileRef = BD4504E81E3750F30066FCF0 /* UINib+Extension.swift */; };
		BD4504F31E3750F30066FCF0 /* UIStoryboard+Extension.swift in Sources */ = {isa = PBXBuildFile; fileRef = BD4504E91E3750F30066FCF0 /* UIStoryboard+Extension.swift */; };
		BD4504F51E3750F30066FCF0 /* DHButton.swift in Sources */ = {isa = PBXBuildFile; fileRef = BD4504EC1E3750F30066FCF0 /* DHButton.swift */; };
		BD4504F61E3750F30066FCF0 /* Tool.swift in Sources */ = {isa = PBXBuildFile; fileRef = BD4504ED1E3750F30066FCF0 /* Tool.swift */; };
		BD4504F71E3750F30066FCF0 /* Urls.swift in Sources */ = {isa = PBXBuildFile; fileRef = BD4504EE1E3750F30066FCF0 /* Urls.swift */; };
		BD4504FE1E37534D0066FCF0 /* FirstViewController.swift in Sources */ = {isa = PBXBuildFile; fileRef = BD4504FD1E37534D0066FCF0 /* FirstViewController.swift */; };
		BD4505001E37535F0066FCF0 /* SecondViewController.swift in Sources */ = {isa = PBXBuildFile; fileRef = BD4504FF1E37535F0066FCF0 /* SecondViewController.swift */; };
		BD4505021E37536C0066FCF0 /* ThridViewController.swift in Sources */ = {isa = PBXBuildFile; fileRef = BD4505011E37536C0066FCF0 /* ThridViewController.swift */; };
		BD4505041E3753770066FCF0 /* MoreViewController.swift in Sources */ = {isa = PBXBuildFile; fileRef = BD4505031E3753770066FCF0 /* MoreViewController.swift */; };
		BD8B1B241E4C5CDB00B49AFF /* ShowImagesViewController.swift in Sources */ = {isa = PBXBuildFile; fileRef = BD8B1B231E4C5CDB00B49AFF /* ShowImagesViewController.swift */; };
		BD8B1B271E4C647F00B49AFF /* CounterView.swift in Sources */ = {isa = PBXBuildFile; fileRef = BD8B1B261E4C647F00B49AFF /* CounterView.swift */; };
		BDBD37081E56AF8D009B2BE2 /* SendCodeRequestManager.swift in Sources */ = {isa = PBXBuildFile; fileRef = BDBD37071E56AF8D009B2BE2 /* SendCodeRequestManager.swift */; };
		BDC4834A1E44135A009D4F63 /* ApiMacros.swift in Sources */ = {isa = PBXBuildFile; fileRef = BDC483491E44135A009D4F63 /* ApiMacros.swift */; };
		BDC4834D1E457797009D4F63 /* WCLLoadingView.swift in Sources */ = {isa = PBXBuildFile; fileRef = BDC4834C1E457797009D4F63 /* WCLLoadingView.swift */; };
		BDC483511E4577CD009D4F63 /* LoadingViewController.swift in Sources */ = {isa = PBXBuildFile; fileRef = BDC483501E4577CD009D4F63 /* LoadingViewController.swift */; };
		BDCFBEA71E458B4D005FDEB0 /* LaunchViewController.swift in Sources */ = {isa = PBXBuildFile; fileRef = BDCFBEA61E458B4D005FDEB0 /* LaunchViewController.swift */; };
		BDCFBEA91E458B5C005FDEB0 /* LaunchView.swift in Sources */ = {isa = PBXBuildFile; fileRef = BDCFBEA81E458B5C005FDEB0 /* LaunchView.swift */; };
		BDCFBEAD1E45A312005FDEB0 /* ImageMaskAnimator.swift in Sources */ = {isa = PBXBuildFile; fileRef = BDCFBEAA1E45A312005FDEB0 /* ImageMaskAnimator.swift */; };
		BDCFBEAE1E45A312005FDEB0 /* ImageMaskTransition.swift in Sources */ = {isa = PBXBuildFile; fileRef = BDCFBEAB1E45A312005FDEB0 /* ImageMaskTransition.swift */; };
		BDCFBEAF1E45A312005FDEB0 /* ImageMaskUtils.swift in Sources */ = {isa = PBXBuildFile; fileRef = BDCFBEAC1E45A312005FDEB0 /* ImageMaskUtils.swift */; };
		BDCFBEB11E45A345005FDEB0 /* TransitionViewController.swift in Sources */ = {isa = PBXBuildFile; fileRef = BDCFBEB01E45A345005FDEB0 /* TransitionViewController.swift */; };
		BDCFBEB71E45AE88005FDEB0 /* LoadingView.swift in Sources */ = {isa = PBXBuildFile; fileRef = BDCFBEB61E45AE88005FDEB0 /* LoadingView.swift */; };
		BDCFBEB91E45AEA4005FDEB0 /* Loading2ViewController.swift in Sources */ = {isa = PBXBuildFile; fileRef = BDCFBEB81E45AEA4005FDEB0 /* Loading2ViewController.swift */; };
		BDCFBF1E1E45B6EB005FDEB0 /* JCSwiftKitMacro.swift in Sources */ = {isa = PBXBuildFile; fileRef = BDCFBF1D1E45B6EB005FDEB0 /* JCSwiftKitMacro.swift */; };
		BDCFBF201E45B758005FDEB0 /* FileManager+JCFileManager.swift in Sources */ = {isa = PBXBuildFile; fileRef = BDCFBF1F1E45B758005FDEB0 /* FileManager+JCFileManager.swift */; };
		BDCFBF221E45B761005FDEB0 /* Bundle+JCBundle.swift in Sources */ = {isa = PBXBuildFile; fileRef = BDCFBF211E45B761005FDEB0 /* Bundle+JCBundle.swift */; };
		BDCFBF241E45B76A005FDEB0 /* Data+JCData.swift in Sources */ = {isa = PBXBuildFile; fileRef = BDCFBF231E45B76A005FDEB0 /* Data+JCData.swift */; };
		BDCFBF271E45B77A005FDEB0 /* Date+JCDate.swift in Sources */ = {isa = PBXBuildFile; fileRef = BDCFBF251E45B77A005FDEB0 /* Date+JCDate.swift */; };
		BDCFBF281E45B77A005FDEB0 /* NSDate+JCDate.swift in Sources */ = {isa = PBXBuildFile; fileRef = BDCFBF261E45B77A005FDEB0 /* NSDate+JCDate.swift */; };
		BDCFBF2A1E45B784005FDEB0 /* NSMutableAttributedString+JCAttributedString.swift in Sources */ = {isa = PBXBuildFile; fileRef = BDCFBF291E45B784005FDEB0 /* NSMutableAttributedString+JCAttributedString.swift */; };
		BDCFBF2C1E45B78C005FDEB0 /* NSNumber+JCNumber.swift in Sources */ = {isa = PBXBuildFile; fileRef = BDCFBF2B1E45B78C005FDEB0 /* NSNumber+JCNumber.swift */; };
		BDCFBF2F1E45B795005FDEB0 /* NSURL+JCURL.swift in Sources */ = {isa = PBXBuildFile; fileRef = BDCFBF2D1E45B795005FDEB0 /* NSURL+JCURL.swift */; };
		BDCFBF301E45B795005FDEB0 /* URL+JCURL.swift in Sources */ = {isa = PBXBuildFile; fileRef = BDCFBF2E1E45B795005FDEB0 /* URL+JCURL.swift */; };
		BDCFBF321E45B79E005FDEB0 /* String+JCString.swift in Sources */ = {isa = PBXBuildFile; fileRef = BDCFBF311E45B79E005FDEB0 /* String+JCString.swift */; };
		BDCFBF581E45B7D1005FDEB0 /* CADisplayLink+JCToRunLoop.swift in Sources */ = {isa = PBXBuildFile; fileRef = BDCFBF351E45B7D1005FDEB0 /* CADisplayLink+JCToRunLoop.swift */; };
		BDCFBF591E45B7D1005FDEB0 /* CALayer+JCLayer.swift in Sources */ = {isa = PBXBuildFile; fileRef = BDCFBF361E45B7D1005FDEB0 /* CALayer+JCLayer.swift */; };
		BDCFBF5A1E45B7D1005FDEB0 /* JCGraphicsUtilities.swift in Sources */ = {isa = PBXBuildFile; fileRef = BDCFBF371E45B7D1005FDEB0 /* JCGraphicsUtilities.swift */; };
		BDCFBF5B1E45B7D1005FDEB0 /* UIBarButtonItem+JCBlock.swift in Sources */ = {isa = PBXBuildFile; fileRef = BDCFBF391E45B7D1005FDEB0 /* UIBarButtonItem+JCBlock.swift */; };
		BDCFBF5C1E45B7D1005FDEB0 /* UIColor+JCColor.swift in Sources */ = {isa = PBXBuildFile; fileRef = BDCFBF3B1E45B7D1005FDEB0 /* UIColor+JCColor.swift */; };
		BDCFBF5D1E45B7D1005FDEB0 /* UIDevice+JCDevice.swift in Sources */ = {isa = PBXBuildFile; fileRef = BDCFBF3D1E45B7D1005FDEB0 /* UIDevice+JCDevice.swift */; };
		BDCFBF5E1E45B7D1005FDEB0 /* UIFont+JCScale.swift in Sources */ = {isa = PBXBuildFile; fileRef = BDCFBF3F1E45B7D1005FDEB0 /* UIFont+JCScale.swift */; };
		BDCFBF5F1E45B7D1005FDEB0 /* UIImage+JCImage.swift in Sources */ = {isa = PBXBuildFile; fileRef = BDCFBF411E45B7D1005FDEB0 /* UIImage+JCImage.swift */; };
		BDCFBF601E45B7D1005FDEB0 /* UIImageView+JCImageView.swift in Sources */ = {isa = PBXBuildFile; fileRef = BDCFBF431E45B7D1005FDEB0 /* UIImageView+JCImageView.swift */; };
		BDCFBF611E45B7D1005FDEB0 /* UINavigationController+JCNavigationAttributes.swift in Sources */ = {isa = PBXBuildFile; fileRef = BDCFBF451E45B7D1005FDEB0 /* UINavigationController+JCNavigationAttributes.swift */; };
		BDCFBF621E45B7D1005FDEB0 /* UINavigationItem+JCLoading.swift in Sources */ = {isa = PBXBuildFile; fileRef = BDCFBF471E45B7D1005FDEB0 /* UINavigationItem+JCLoading.swift */; };
		BDCFBF631E45B7D1005FDEB0 /* UIResponder+JCResponder.swift in Sources */ = {isa = PBXBuildFile; fileRef = BDCFBF491E45B7D1005FDEB0 /* UIResponder+JCResponder.swift */; };
		BDCFBF641E45B7D1005FDEB0 /* UIScreen+JCScale.swift in Sources */ = {isa = PBXBuildFile; fileRef = BDCFBF4B1E45B7D1005FDEB0 /* UIScreen+JCScale.swift */; };
		BDCFBF651E45B7D1005FDEB0 /* UIScrollView+JCScrollView.swift in Sources */ = {isa = PBXBuildFile; fileRef = BDCFBF4D1E45B7D1005FDEB0 /* UIScrollView+JCScrollView.swift */; };
		BDCFBF661E45B7D1005FDEB0 /* UITableViewCell+JCSeparator.swift in Sources */ = {isa = PBXBuildFile; fileRef = BDCFBF4F1E45B7D1005FDEB0 /* UITableViewCell+JCSeparator.swift */; };
		BDCFBF671E45B7D1005FDEB0 /* UITextField+JCTextField.swift in Sources */ = {isa = PBXBuildFile; fileRef = BDCFBF511E45B7D1005FDEB0 /* UITextField+JCTextField.swift */; };
		BDCFBF681E45B7D1005FDEB0 /* UITextView+JCTextView.swift in Sources */ = {isa = PBXBuildFile; fileRef = BDCFBF531E45B7D1005FDEB0 /* UITextView+JCTextView.swift */; };
		BDCFBF691E45B7D1005FDEB0 /* UIView+JCView.swift in Sources */ = {isa = PBXBuildFile; fileRef = BDCFBF551E45B7D1005FDEB0 /* UIView+JCView.swift */; };
		BDCFBF6A1E45B7D1005FDEB0 /* UIWebView+JCWebView.swift in Sources */ = {isa = PBXBuildFile; fileRef = BDCFBF571E45B7D1005FDEB0 /* UIWebView+JCWebView.swift */; };
		BDCFBF7C1E483141005FDEB0 /* TransitionFristViewController.swift in Sources */ = {isa = PBXBuildFile; fileRef = BDCFBF7B1E483141005FDEB0 /* TransitionFristViewController.swift */; };
		BDCFBF7E1E483226005FDEB0 /* TransitionSecondViewController.swift in Sources */ = {isa = PBXBuildFile; fileRef = BDCFBF7D1E483226005FDEB0 /* TransitionSecondViewController.swift */; };
		BDCFBF801E48332F005FDEB0 /* TransitionAnimation.swift in Sources */ = {isa = PBXBuildFile; fileRef = BDCFBF7F1E48332F005FDEB0 /* TransitionAnimation.swift */; };
		BDCFBF821E486AB3005FDEB0 /* TransitionFirstPushViewController.swift in Sources */ = {isa = PBXBuildFile; fileRef = BDCFBF811E486AB3005FDEB0 /* TransitionFirstPushViewController.swift */; };
		BDCFBF841E486AC5005FDEB0 /* TransitionSecondPushViewController.swift in Sources */ = {isa = PBXBuildFile; fileRef = BDCFBF831E486AC5005FDEB0 /* TransitionSecondPushViewController.swift */; };
		BDCFBFBD1E4881D7005FDEB0 /* 9squares-AlBoardman.json in Resources */ = {isa = PBXBuildFile; fileRef = BDCFBFB01E4881D7005FDEB0 /* 9squares-AlBoardman.json */; };
		BDCFBFBE1E4881D7005FDEB0 /* AirbnbAnimationViewController.swift in Sources */ = {isa = PBXBuildFile; fileRef = BDCFBFB11E4881D7005FDEB0 /* AirbnbAnimationViewController.swift */; };
		BDCFBFBF1E4881D7005FDEB0 /* HamburgerArrow.json in Resources */ = {isa = PBXBuildFile; fileRef = BDCFBFB21E4881D7005FDEB0 /* HamburgerArrow.json */; };
		BDCFBFC01E4881D7005FDEB0 /* IconTransitions.json in Resources */ = {isa = PBXBuildFile; fileRef = BDCFBFB31E4881D7005FDEB0 /* IconTransitions.json */; };
		BDCFBFC11E4881D7005FDEB0 /* LottieLogo1.json in Resources */ = {isa = PBXBuildFile; fileRef = BDCFBFB41E4881D7005FDEB0 /* LottieLogo1.json */; };
		BDCFBFC21E4881D7005FDEB0 /* LottieLogo1_masked.json in Resources */ = {isa = PBXBuildFile; fileRef = BDCFBFB51E4881D7005FDEB0 /* LottieLogo1_masked.json */; };
		BDCFBFC31E4881D7005FDEB0 /* LottieLogo2.json in Resources */ = {isa = PBXBuildFile; fileRef = BDCFBFB61E4881D7005FDEB0 /* LottieLogo2.json */; };
		BDCFBFC41E4881D7005FDEB0 /* MotionCorpse-Jrcanest.json in Resources */ = {isa = PBXBuildFile; fileRef = BDCFBFB71E4881D7005FDEB0 /* MotionCorpse-Jrcanest.json */; };
		BDCFBFC51E4881D7005FDEB0 /* PinJump.json in Resources */ = {isa = PBXBuildFile; fileRef = BDCFBFB81E4881D7005FDEB0 /* PinJump.json */; };
		BDCFBFC61E4881D7005FDEB0 /* TwitterHeart.json in Resources */ = {isa = PBXBuildFile; fileRef = BDCFBFB91E4881D7005FDEB0 /* TwitterHeart.json */; };
		BDCFBFC71E4881D7005FDEB0 /* vcTransition1.json in Resources */ = {isa = PBXBuildFile; fileRef = BDCFBFBA1E4881D7005FDEB0 /* vcTransition1.json */; };
		BDCFBFC81E4881D7005FDEB0 /* vcTransition2.json in Resources */ = {isa = PBXBuildFile; fileRef = BDCFBFBB1E4881D7005FDEB0 /* vcTransition2.json */; };
		BDCFBFC91E4881D7005FDEB0 /* Watermelon.json in Resources */ = {isa = PBXBuildFile; fileRef = BDCFBFBC1E4881D7005FDEB0 /* Watermelon.json */; };
/* End PBXBuildFile section */

/* Begin PBXFileReference section */
		27CA7C5602B0ED5DD00F5F4F /* Pods_SwiftCodeFragments.framework */ = {isa = PBXFileReference; explicitFileType = wrapper.framework; includeInIndex = 0; path = Pods_SwiftCodeFragments.framework; sourceTree = BUILT_PRODUCTS_DIR; };
		5DD52B258095640E6FF4EF39 /* Pods-SwiftCodeFragments.debug.xcconfig */ = {isa = PBXFileReference; includeInIndex = 1; lastKnownFileType = text.xcconfig; name = "Pods-SwiftCodeFragments.debug.xcconfig"; path = "Pods/Target Support Files/Pods-SwiftCodeFragments/Pods-SwiftCodeFragments.debug.xcconfig"; sourceTree = "<group>"; };
		6919F4BA5AA827CBFEBE975D /* Pods-SwiftCodeFragments.release.xcconfig */ = {isa = PBXFileReference; includeInIndex = 1; lastKnownFileType = text.xcconfig; name = "Pods-SwiftCodeFragments.release.xcconfig"; path = "Pods/Target Support Files/Pods-SwiftCodeFragments/Pods-SwiftCodeFragments.release.xcconfig"; sourceTree = "<group>"; };
		BD4504B01E372C760066FCF0 /* SwiftCodeFragments.app */ = {isa = PBXFileReference; explicitFileType = wrapper.application; includeInIndex = 0; path = SwiftCodeFragments.app; sourceTree = BUILT_PRODUCTS_DIR; };
		BD4504B31E372C760066FCF0 /* AppDelegate.swift */ = {isa = PBXFileReference; lastKnownFileType = sourcecode.swift; path = AppDelegate.swift; sourceTree = "<group>"; };
		BD4504BA1E372C760066FCF0 /* Assets.xcassets */ = {isa = PBXFileReference; lastKnownFileType = folder.assetcatalog; name = Assets.xcassets; path = ../Assets.xcassets; sourceTree = "<group>"; };
		BD4504BF1E372C760066FCF0 /* Info.plist */ = {isa = PBXFileReference; lastKnownFileType = text.plist.xml; name = Info.plist; path = ../Info.plist; sourceTree = "<group>"; };
		BD4504C71E374AFA0066FCF0 /* KDInteractiveNavigationController.swift */ = {isa = PBXFileReference; fileEncoding = 4; lastKnownFileType = sourcecode.swift; path = KDInteractiveNavigationController.swift; sourceTree = "<group>"; };
		BD4504C81E374AFA0066FCF0 /* UIViewController+InteractiveNavigation.swift */ = {isa = PBXFileReference; fileEncoding = 4; lastKnownFileType = sourcecode.swift; path = "UIViewController+InteractiveNavigation.swift"; sourceTree = "<group>"; };
		BD4504CC1E374B730066FCF0 /* IndicatorView.swift */ = {isa = PBXFileReference; fileEncoding = 4; lastKnownFileType = sourcecode.swift; path = IndicatorView.swift; sourceTree = "<group>"; };
		BD4504CD1E374B730066FCF0 /* MRPullToRefreshLoadMore.swift */ = {isa = PBXFileReference; fileEncoding = 4; lastKnownFileType = sourcecode.swift; path = MRPullToRefreshLoadMore.swift; sourceTree = "<group>"; };
		BD4504D61E3750C10066FCF0 /* XHTabBar.swift */ = {isa = PBXFileReference; fileEncoding = 4; lastKnownFileType = sourcecode.swift; path = XHTabBar.swift; sourceTree = "<group>"; };
		BD4504D81E3750D60066FCF0 /* BaseViewController.swift */ = {isa = PBXFileReference; fileEncoding = 4; lastKnownFileType = sourcecode.swift; path = BaseViewController.swift; sourceTree = "<group>"; };
		BD4504DA1E3750DF0066FCF0 /* PathMacros.swift */ = {isa = PBXFileReference; fileEncoding = 4; lastKnownFileType = sourcecode.swift; path = PathMacros.swift; sourceTree = "<group>"; };
		BD4504DB1E3750DF0066FCF0 /* SizeMacros.swift */ = {isa = PBXFileReference; fileEncoding = 4; lastKnownFileType = sourcecode.swift; path = SizeMacros.swift; sourceTree = "<group>"; };
		BD4504DC1E3750DF0066FCF0 /* UtilMacros.swift */ = {isa = PBXFileReference; fileEncoding = 4; lastKnownFileType = sourcecode.swift; path = UtilMacros.swift; sourceTree = "<group>"; };
		BD4504E01E3750E80066FCF0 /* BaseRequestManager.swift */ = {isa = PBXFileReference; fileEncoding = 4; lastKnownFileType = sourcecode.swift; path = BaseRequestManager.swift; sourceTree = "<group>"; };
		BD4504E11E3750E80066FCF0 /* JokeRequestManager.swift */ = {isa = PBXFileReference; fileEncoding = 4; lastKnownFileType = sourcecode.swift; path = JokeRequestManager.swift; sourceTree = "<group>"; };
		BD4504E81E3750F30066FCF0 /* UINib+Extension.swift */ = {isa = PBXFileReference; fileEncoding = 4; lastKnownFileType = sourcecode.swift; path = "UINib+Extension.swift"; sourceTree = "<group>"; };
		BD4504E91E3750F30066FCF0 /* UIStoryboard+Extension.swift */ = {isa = PBXFileReference; fileEncoding = 4; lastKnownFileType = sourcecode.swift; path = "UIStoryboard+Extension.swift"; sourceTree = "<group>"; };
		BD4504EC1E3750F30066FCF0 /* DHButton.swift */ = {isa = PBXFileReference; fileEncoding = 4; lastKnownFileType = sourcecode.swift; path = DHButton.swift; sourceTree = "<group>"; };
		BD4504ED1E3750F30066FCF0 /* Tool.swift */ = {isa = PBXFileReference; fileEncoding = 4; lastKnownFileType = sourcecode.swift; path = Tool.swift; sourceTree = "<group>"; };
		BD4504EE1E3750F30066FCF0 /* Urls.swift */ = {isa = PBXFileReference; fileEncoding = 4; lastKnownFileType = sourcecode.swift; path = Urls.swift; sourceTree = "<group>"; };
		BD4504F81E3751970066FCF0 /* MyPlayground.playground */ = {isa = PBXFileReference; lastKnownFileType = file.playground; path = MyPlayground.playground; sourceTree = "<group>"; };
		BD4504FD1E37534D0066FCF0 /* FirstViewController.swift */ = {isa = PBXFileReference; fileEncoding = 4; lastKnownFileType = sourcecode.swift; path = FirstViewController.swift; sourceTree = "<group>"; };
		BD4504FF1E37535F0066FCF0 /* SecondViewController.swift */ = {isa = PBXFileReference; fileEncoding = 4; lastKnownFileType = sourcecode.swift; path = SecondViewController.swift; sourceTree = "<group>"; };
		BD4505011E37536C0066FCF0 /* ThridViewController.swift */ = {isa = PBXFileReference; fileEncoding = 4; lastKnownFileType = sourcecode.swift; path = ThridViewController.swift; sourceTree = "<group>"; };
		BD4505031E3753770066FCF0 /* MoreViewController.swift */ = {isa = PBXFileReference; fileEncoding = 4; lastKnownFileType = sourcecode.swift; path = MoreViewController.swift; sourceTree = "<group>"; };
		BD8B1B231E4C5CDB00B49AFF /* ShowImagesViewController.swift */ = {isa = PBXFileReference; fileEncoding = 4; lastKnownFileType = sourcecode.swift; path = ShowImagesViewController.swift; sourceTree = "<group>"; };
		BD8B1B261E4C647F00B49AFF /* CounterView.swift */ = {isa = PBXFileReference; fileEncoding = 4; lastKnownFileType = sourcecode.swift; path = CounterView.swift; sourceTree = "<group>"; };
		BDBD37071E56AF8D009B2BE2 /* SendCodeRequestManager.swift */ = {isa = PBXFileReference; fileEncoding = 4; lastKnownFileType = sourcecode.swift; path = SendCodeRequestManager.swift; sourceTree = "<group>"; };
		BDC483491E44135A009D4F63 /* ApiMacros.swift */ = {isa = PBXFileReference; fileEncoding = 4; lastKnownFileType = sourcecode.swift; path = ApiMacros.swift; sourceTree = "<group>"; };
		BDC4834C1E457797009D4F63 /* WCLLoadingView.swift */ = {isa = PBXFileReference; fileEncoding = 4; lastKnownFileType = sourcecode.swift; path = WCLLoadingView.swift; sourceTree = "<group>"; };
		BDC483501E4577CD009D4F63 /* LoadingViewController.swift */ = {isa = PBXFileReference; fileEncoding = 4; lastKnownFileType = sourcecode.swift; path = LoadingViewController.swift; sourceTree = "<group>"; };
		BDCFBEA61E458B4D005FDEB0 /* LaunchViewController.swift */ = {isa = PBXFileReference; fileEncoding = 4; lastKnownFileType = sourcecode.swift; path = LaunchViewController.swift; sourceTree = "<group>"; };
		BDCFBEA81E458B5C005FDEB0 /* LaunchView.swift */ = {isa = PBXFileReference; fileEncoding = 4; lastKnownFileType = sourcecode.swift; path = LaunchView.swift; sourceTree = "<group>"; };
		BDCFBEAA1E45A312005FDEB0 /* ImageMaskAnimator.swift */ = {isa = PBXFileReference; fileEncoding = 4; lastKnownFileType = sourcecode.swift; path = ImageMaskAnimator.swift; sourceTree = "<group>"; };
		BDCFBEAB1E45A312005FDEB0 /* ImageMaskTransition.swift */ = {isa = PBXFileReference; fileEncoding = 4; lastKnownFileType = sourcecode.swift; path = ImageMaskTransition.swift; sourceTree = "<group>"; };
		BDCFBEAC1E45A312005FDEB0 /* ImageMaskUtils.swift */ = {isa = PBXFileReference; fileEncoding = 4; lastKnownFileType = sourcecode.swift; path = ImageMaskUtils.swift; sourceTree = "<group>"; };
		BDCFBEB01E45A345005FDEB0 /* TransitionViewController.swift */ = {isa = PBXFileReference; fileEncoding = 4; lastKnownFileType = sourcecode.swift; path = TransitionViewController.swift; sourceTree = "<group>"; };
		BDCFBEB61E45AE88005FDEB0 /* LoadingView.swift */ = {isa = PBXFileReference; fileEncoding = 4; lastKnownFileType = sourcecode.swift; path = LoadingView.swift; sourceTree = "<group>"; };
		BDCFBEB81E45AEA4005FDEB0 /* Loading2ViewController.swift */ = {isa = PBXFileReference; fileEncoding = 4; lastKnownFileType = sourcecode.swift; path = Loading2ViewController.swift; sourceTree = "<group>"; };
		BDCFBF1D1E45B6EB005FDEB0 /* JCSwiftKitMacro.swift */ = {isa = PBXFileReference; fileEncoding = 4; lastKnownFileType = sourcecode.swift; path = JCSwiftKitMacro.swift; sourceTree = "<group>"; };
		BDCFBF1F1E45B758005FDEB0 /* FileManager+JCFileManager.swift */ = {isa = PBXFileReference; fileEncoding = 4; lastKnownFileType = sourcecode.swift; path = "FileManager+JCFileManager.swift"; sourceTree = "<group>"; };
		BDCFBF211E45B761005FDEB0 /* Bundle+JCBundle.swift */ = {isa = PBXFileReference; fileEncoding = 4; lastKnownFileType = sourcecode.swift; path = "Bundle+JCBundle.swift"; sourceTree = "<group>"; };
		BDCFBF231E45B76A005FDEB0 /* Data+JCData.swift */ = {isa = PBXFileReference; fileEncoding = 4; lastKnownFileType = sourcecode.swift; path = "Data+JCData.swift"; sourceTree = "<group>"; };
		BDCFBF251E45B77A005FDEB0 /* Date+JCDate.swift */ = {isa = PBXFileReference; fileEncoding = 4; lastKnownFileType = sourcecode.swift; path = "Date+JCDate.swift"; sourceTree = "<group>"; };
		BDCFBF261E45B77A005FDEB0 /* NSDate+JCDate.swift */ = {isa = PBXFileReference; fileEncoding = 4; lastKnownFileType = sourcecode.swift; path = "NSDate+JCDate.swift"; sourceTree = "<group>"; };
		BDCFBF291E45B784005FDEB0 /* NSMutableAttributedString+JCAttributedString.swift */ = {isa = PBXFileReference; fileEncoding = 4; lastKnownFileType = sourcecode.swift; path = "NSMutableAttributedString+JCAttributedString.swift"; sourceTree = "<group>"; };
		BDCFBF2B1E45B78C005FDEB0 /* NSNumber+JCNumber.swift */ = {isa = PBXFileReference; fileEncoding = 4; lastKnownFileType = sourcecode.swift; path = "NSNumber+JCNumber.swift"; sourceTree = "<group>"; };
		BDCFBF2D1E45B795005FDEB0 /* NSURL+JCURL.swift */ = {isa = PBXFileReference; fileEncoding = 4; lastKnownFileType = sourcecode.swift; path = "NSURL+JCURL.swift"; sourceTree = "<group>"; };
		BDCFBF2E1E45B795005FDEB0 /* URL+JCURL.swift */ = {isa = PBXFileReference; fileEncoding = 4; lastKnownFileType = sourcecode.swift; path = "URL+JCURL.swift"; sourceTree = "<group>"; };
		BDCFBF311E45B79E005FDEB0 /* String+JCString.swift */ = {isa = PBXFileReference; fileEncoding = 4; lastKnownFileType = sourcecode.swift; path = "String+JCString.swift"; sourceTree = "<group>"; };
		BDCFBF351E45B7D1005FDEB0 /* CADisplayLink+JCToRunLoop.swift */ = {isa = PBXFileReference; fileEncoding = 4; lastKnownFileType = sourcecode.swift; path = "CADisplayLink+JCToRunLoop.swift"; sourceTree = "<group>"; };
		BDCFBF361E45B7D1005FDEB0 /* CALayer+JCLayer.swift */ = {isa = PBXFileReference; fileEncoding = 4; lastKnownFileType = sourcecode.swift; path = "CALayer+JCLayer.swift"; sourceTree = "<group>"; };
		BDCFBF371E45B7D1005FDEB0 /* JCGraphicsUtilities.swift */ = {isa = PBXFileReference; fileEncoding = 4; lastKnownFileType = sourcecode.swift; path = JCGraphicsUtilities.swift; sourceTree = "<group>"; };
		BDCFBF391E45B7D1005FDEB0 /* UIBarButtonItem+JCBlock.swift */ = {isa = PBXFileReference; fileEncoding = 4; lastKnownFileType = sourcecode.swift; path = "UIBarButtonItem+JCBlock.swift"; sourceTree = "<group>"; };
		BDCFBF3B1E45B7D1005FDEB0 /* UIColor+JCColor.swift */ = {isa = PBXFileReference; fileEncoding = 4; lastKnownFileType = sourcecode.swift; path = "UIColor+JCColor.swift"; sourceTree = "<group>"; };
		BDCFBF3D1E45B7D1005FDEB0 /* UIDevice+JCDevice.swift */ = {isa = PBXFileReference; fileEncoding = 4; lastKnownFileType = sourcecode.swift; path = "UIDevice+JCDevice.swift"; sourceTree = "<group>"; };
		BDCFBF3F1E45B7D1005FDEB0 /* UIFont+JCScale.swift */ = {isa = PBXFileReference; fileEncoding = 4; lastKnownFileType = sourcecode.swift; path = "UIFont+JCScale.swift"; sourceTree = "<group>"; };
		BDCFBF411E45B7D1005FDEB0 /* UIImage+JCImage.swift */ = {isa = PBXFileReference; fileEncoding = 4; lastKnownFileType = sourcecode.swift; path = "UIImage+JCImage.swift"; sourceTree = "<group>"; };
		BDCFBF431E45B7D1005FDEB0 /* UIImageView+JCImageView.swift */ = {isa = PBXFileReference; fileEncoding = 4; lastKnownFileType = sourcecode.swift; path = "UIImageView+JCImageView.swift"; sourceTree = "<group>"; };
		BDCFBF451E45B7D1005FDEB0 /* UINavigationController+JCNavigationAttributes.swift */ = {isa = PBXFileReference; fileEncoding = 4; lastKnownFileType = sourcecode.swift; path = "UINavigationController+JCNavigationAttributes.swift"; sourceTree = "<group>"; };
		BDCFBF471E45B7D1005FDEB0 /* UINavigationItem+JCLoading.swift */ = {isa = PBXFileReference; fileEncoding = 4; lastKnownFileType = sourcecode.swift; path = "UINavigationItem+JCLoading.swift"; sourceTree = "<group>"; };
		BDCFBF491E45B7D1005FDEB0 /* UIResponder+JCResponder.swift */ = {isa = PBXFileReference; fileEncoding = 4; lastKnownFileType = sourcecode.swift; path = "UIResponder+JCResponder.swift"; sourceTree = "<group>"; };
		BDCFBF4B1E45B7D1005FDEB0 /* UIScreen+JCScale.swift */ = {isa = PBXFileReference; fileEncoding = 4; lastKnownFileType = sourcecode.swift; path = "UIScreen+JCScale.swift"; sourceTree = "<group>"; };
		BDCFBF4D1E45B7D1005FDEB0 /* UIScrollView+JCScrollView.swift */ = {isa = PBXFileReference; fileEncoding = 4; lastKnownFileType = sourcecode.swift; path = "UIScrollView+JCScrollView.swift"; sourceTree = "<group>"; };
		BDCFBF4F1E45B7D1005FDEB0 /* UITableViewCell+JCSeparator.swift */ = {isa = PBXFileReference; fileEncoding = 4; lastKnownFileType = sourcecode.swift; path = "UITableViewCell+JCSeparator.swift"; sourceTree = "<group>"; };
		BDCFBF511E45B7D1005FDEB0 /* UITextField+JCTextField.swift */ = {isa = PBXFileReference; fileEncoding = 4; lastKnownFileType = sourcecode.swift; path = "UITextField+JCTextField.swift"; sourceTree = "<group>"; };
		BDCFBF531E45B7D1005FDEB0 /* UITextView+JCTextView.swift */ = {isa = PBXFileReference; fileEncoding = 4; lastKnownFileType = sourcecode.swift; path = "UITextView+JCTextView.swift"; sourceTree = "<group>"; };
		BDCFBF551E45B7D1005FDEB0 /* UIView+JCView.swift */ = {isa = PBXFileReference; fileEncoding = 4; lastKnownFileType = sourcecode.swift; path = "UIView+JCView.swift"; sourceTree = "<group>"; };
		BDCFBF571E45B7D1005FDEB0 /* UIWebView+JCWebView.swift */ = {isa = PBXFileReference; fileEncoding = 4; lastKnownFileType = sourcecode.swift; path = "UIWebView+JCWebView.swift"; sourceTree = "<group>"; };
		BDCFBF7B1E483141005FDEB0 /* TransitionFristViewController.swift */ = {isa = PBXFileReference; fileEncoding = 4; lastKnownFileType = sourcecode.swift; path = TransitionFristViewController.swift; sourceTree = "<group>"; };
		BDCFBF7D1E483226005FDEB0 /* TransitionSecondViewController.swift */ = {isa = PBXFileReference; fileEncoding = 4; lastKnownFileType = sourcecode.swift; path = TransitionSecondViewController.swift; sourceTree = "<group>"; };
		BDCFBF7F1E48332F005FDEB0 /* TransitionAnimation.swift */ = {isa = PBXFileReference; fileEncoding = 4; lastKnownFileType = sourcecode.swift; path = TransitionAnimation.swift; sourceTree = "<group>"; };
		BDCFBF811E486AB3005FDEB0 /* TransitionFirstPushViewController.swift */ = {isa = PBXFileReference; fileEncoding = 4; lastKnownFileType = sourcecode.swift; path = TransitionFirstPushViewController.swift; sourceTree = "<group>"; };
		BDCFBF831E486AC5005FDEB0 /* TransitionSecondPushViewController.swift */ = {isa = PBXFileReference; fileEncoding = 4; lastKnownFileType = sourcecode.swift; path = TransitionSecondPushViewController.swift; sourceTree = "<group>"; };
		BDCFBFB01E4881D7005FDEB0 /* 9squares-AlBoardman.json */ = {isa = PBXFileReference; fileEncoding = 4; lastKnownFileType = text.json; path = "9squares-AlBoardman.json"; sourceTree = "<group>"; };
		BDCFBFB11E4881D7005FDEB0 /* AirbnbAnimationViewController.swift */ = {isa = PBXFileReference; fileEncoding = 4; lastKnownFileType = sourcecode.swift; path = AirbnbAnimationViewController.swift; sourceTree = "<group>"; };
		BDCFBFB21E4881D7005FDEB0 /* HamburgerArrow.json */ = {isa = PBXFileReference; fileEncoding = 4; lastKnownFileType = text.json; path = HamburgerArrow.json; sourceTree = "<group>"; };
		BDCFBFB31E4881D7005FDEB0 /* IconTransitions.json */ = {isa = PBXFileReference; fileEncoding = 4; lastKnownFileType = text.json; path = IconTransitions.json; sourceTree = "<group>"; };
		BDCFBFB41E4881D7005FDEB0 /* LottieLogo1.json */ = {isa = PBXFileReference; fileEncoding = 4; lastKnownFileType = text.json; path = LottieLogo1.json; sourceTree = "<group>"; };
		BDCFBFB51E4881D7005FDEB0 /* LottieLogo1_masked.json */ = {isa = PBXFileReference; fileEncoding = 4; lastKnownFileType = text.json; path = LottieLogo1_masked.json; sourceTree = "<group>"; };
		BDCFBFB61E4881D7005FDEB0 /* LottieLogo2.json */ = {isa = PBXFileReference; fileEncoding = 4; lastKnownFileType = text.json; path = LottieLogo2.json; sourceTree = "<group>"; };
		BDCFBFB71E4881D7005FDEB0 /* MotionCorpse-Jrcanest.json */ = {isa = PBXFileReference; fileEncoding = 4; lastKnownFileType = text.json; path = "MotionCorpse-Jrcanest.json"; sourceTree = "<group>"; };
		BDCFBFB81E4881D7005FDEB0 /* PinJump.json */ = {isa = PBXFileReference; fileEncoding = 4; lastKnownFileType = text.json; path = PinJump.json; sourceTree = "<group>"; };
		BDCFBFB91E4881D7005FDEB0 /* TwitterHeart.json */ = {isa = PBXFileReference; fileEncoding = 4; lastKnownFileType = text.json; path = TwitterHeart.json; sourceTree = "<group>"; };
		BDCFBFBA1E4881D7005FDEB0 /* vcTransition1.json */ = {isa = PBXFileReference; fileEncoding = 4; lastKnownFileType = text.json; path = vcTransition1.json; sourceTree = "<group>"; };
		BDCFBFBB1E4881D7005FDEB0 /* vcTransition2.json */ = {isa = PBXFileReference; fileEncoding = 4; lastKnownFileType = text.json; path = vcTransition2.json; sourceTree = "<group>"; };
		BDCFBFBC1E4881D7005FDEB0 /* Watermelon.json */ = {isa = PBXFileReference; fileEncoding = 4; lastKnownFileType = text.json; path = Watermelon.json; sourceTree = "<group>"; };
		BDCFBFCA1E4AB837005FDEB0 /* SwiftCodeFragments-Bridging-Header.h */ = {isa = PBXFileReference; lastKnownFileType = sourcecode.c.h; path = "SwiftCodeFragments-Bridging-Header.h"; sourceTree = "<group>"; };
/* End PBXFileReference section */

/* Begin PBXFrameworksBuildPhase section */
		BD4504AD1E372C760066FCF0 /* Frameworks */ = {
			isa = PBXFrameworksBuildPhase;
			buildActionMask = 2147483647;
			files = (
				0069FD2F87D7BB4508D39BD1 /* Pods_SwiftCodeFragments.framework in Frameworks */,
			);
			runOnlyForDeploymentPostprocessing = 0;
		};
/* End PBXFrameworksBuildPhase section */

/* Begin PBXGroup section */
		4F8317499873F05EBC4578FF /* Pods */ = {
			isa = PBXGroup;
			children = (
				5DD52B258095640E6FF4EF39 /* Pods-SwiftCodeFragments.debug.xcconfig */,
				6919F4BA5AA827CBFEBE975D /* Pods-SwiftCodeFragments.release.xcconfig */,
			);
			name = Pods;
			sourceTree = "<group>";
		};
		719C4C69157FCBF5048B8F9F /* Frameworks */ = {
			isa = PBXGroup;
			children = (
				27CA7C5602B0ED5DD00F5F4F /* Pods_SwiftCodeFragments.framework */,
			);
			name = Frameworks;
			sourceTree = "<group>";
		};
		BD4504A71E372C760066FCF0 = {
			isa = PBXGroup;
			children = (
				BD4504B21E372C760066FCF0 /* SwiftCodeFragments */,
				BD4504B11E372C760066FCF0 /* Products */,
				4F8317499873F05EBC4578FF /* Pods */,
				719C4C69157FCBF5048B8F9F /* Frameworks */,
			);
			sourceTree = "<group>";
		};
		BD4504B11E372C760066FCF0 /* Products */ = {
			isa = PBXGroup;
			children = (
				BD4504B01E372C760066FCF0 /* SwiftCodeFragments.app */,
			);
			name = Products;
			sourceTree = "<group>";
		};
		BD4504B21E372C760066FCF0 /* SwiftCodeFragments */ = {
			isa = PBXGroup;
			children = (
				BD4504B31E372C760066FCF0 /* AppDelegate.swift */,
				BDCFBFCA1E4AB837005FDEB0 /* SwiftCodeFragments-Bridging-Header.h */,
				BDC4834B1E456ED8009D4F63 /* AnimationResource */,
				BD4504F91E3753140066FCF0 /* First */,
				BD4504FB1E3753140066FCF0 /* Second */,
				BD4504FC1E3753140066FCF0 /* Thrid */,
				BD4504FA1E3753140066FCF0 /* More */,
				BD4504D01E374CD80066FCF0 /* Base */,
				BD4504D21E374CD80066FCF0 /* Macro */,
				BD4504D31E374CD80066FCF0 /* RequestManager */,
				BD4504D11E374CD80066FCF0 /* CodeFragments */,
				BD4504C51E374AFA0066FCF0 /* Frameworks */,
				BD4504D41E374CD80066FCF0 /* Resource */,
				BD4504D51E3750C10066FCF0 /* Tabbar */,
			);
			path = SwiftCodeFragments;
			sourceTree = "<group>";
		};
		BD4504C51E374AFA0066FCF0 /* Frameworks */ = {
			isa = PBXGroup;
			children = (
				BD4504CB1E374B730066FCF0 /* MRPullToRefreshLoadMore */,
				BD4504C61E374AFA0066FCF0 /* KDInteractiveNavigationController */,
			);
			path = Frameworks;
			sourceTree = "<group>";
		};
		BD4504C61E374AFA0066FCF0 /* KDInteractiveNavigationController */ = {
			isa = PBXGroup;
			children = (
				BD4504C71E374AFA0066FCF0 /* KDInteractiveNavigationController.swift */,
				BD4504C81E374AFA0066FCF0 /* UIViewController+InteractiveNavigation.swift */,
			);
			path = KDInteractiveNavigationController;
			sourceTree = "<group>";
		};
		BD4504CB1E374B730066FCF0 /* MRPullToRefreshLoadMore */ = {
			isa = PBXGroup;
			children = (
				BD4504CC1E374B730066FCF0 /* IndicatorView.swift */,
				BD4504CD1E374B730066FCF0 /* MRPullToRefreshLoadMore.swift */,
			);
			path = MRPullToRefreshLoadMore;
			sourceTree = "<group>";
		};
		BD4504D01E374CD80066FCF0 /* Base */ = {
			isa = PBXGroup;
			children = (
				BD4504D81E3750D60066FCF0 /* BaseViewController.swift */,
			);
			path = Base;
			sourceTree = "<group>";
		};
		BD4504D11E374CD80066FCF0 /* CodeFragments */ = {
			isa = PBXGroup;
			children = (
				BD4504ED1E3750F30066FCF0 /* Tool.swift */,
				BD4504EE1E3750F30066FCF0 /* Urls.swift */,
				BD4504EC1E3750F30066FCF0 /* DHButton.swift */,
				BD4504E41E3750F30066FCF0 /* Category */,
			);
			path = CodeFragments;
			sourceTree = "<group>";
		};
		BD4504D21E374CD80066FCF0 /* Macro */ = {
			isa = PBXGroup;
			children = (
				BD4504DA1E3750DF0066FCF0 /* PathMacros.swift */,
				BD4504DB1E3750DF0066FCF0 /* SizeMacros.swift */,
				BD4504DC1E3750DF0066FCF0 /* UtilMacros.swift */,
				BDC483491E44135A009D4F63 /* ApiMacros.swift */,
				BDCFBF1D1E45B6EB005FDEB0 /* JCSwiftKitMacro.swift */,
			);
			path = Macro;
			sourceTree = "<group>";
		};
		BD4504D31E374CD80066FCF0 /* RequestManager */ = {
			isa = PBXGroup;
			children = (
				BD4504E01E3750E80066FCF0 /* BaseRequestManager.swift */,
				BD4504E11E3750E80066FCF0 /* JokeRequestManager.swift */,
				BDBD37071E56AF8D009B2BE2 /* SendCodeRequestManager.swift */,
			);
			path = RequestManager;
			sourceTree = "<group>";
		};
		BD4504D41E374CD80066FCF0 /* Resource */ = {
			isa = PBXGroup;
			children = (
				BD4504BA1E372C760066FCF0 /* Assets.xcassets */,
				BD4504BF1E372C760066FCF0 /* Info.plist */,
				BD4504F81E3751970066FCF0 /* MyPlayground.playground */,
			);
			path = Resource;
			sourceTree = "<group>";
		};
		BD4504D51E3750C10066FCF0 /* Tabbar */ = {
			isa = PBXGroup;
			children = (
				BD4504D61E3750C10066FCF0 /* XHTabBar.swift */,
			);
			path = Tabbar;
			sourceTree = "<group>";
		};
		BD4504E41E3750F30066FCF0 /* Category */ = {
			isa = PBXGroup;
			children = (
				BDCFBF331E45B7D1005FDEB0 /* UIKitCategory */,
				BD4504E81E3750F30066FCF0 /* UINib+Extension.swift */,
				BD4504E91E3750F30066FCF0 /* UIStoryboard+Extension.swift */,
				BDCFBF1F1E45B758005FDEB0 /* FileManager+JCFileManager.swift */,
				BDCFBF211E45B761005FDEB0 /* Bundle+JCBundle.swift */,
				BDCFBF231E45B76A005FDEB0 /* Data+JCData.swift */,
				BDCFBF251E45B77A005FDEB0 /* Date+JCDate.swift */,
				BDCFBF261E45B77A005FDEB0 /* NSDate+JCDate.swift */,
				BDCFBF291E45B784005FDEB0 /* NSMutableAttributedString+JCAttributedString.swift */,
				BDCFBF2B1E45B78C005FDEB0 /* NSNumber+JCNumber.swift */,
				BDCFBF2D1E45B795005FDEB0 /* NSURL+JCURL.swift */,
				BDCFBF2E1E45B795005FDEB0 /* URL+JCURL.swift */,
				BDCFBF311E45B79E005FDEB0 /* String+JCString.swift */,
			);
			path = Category;
			sourceTree = "<group>";
		};
		BD4504F91E3753140066FCF0 /* First */ = {
			isa = PBXGroup;
			children = (
				BD4504FD1E37534D0066FCF0 /* FirstViewController.swift */,
			);
			path = First;
			sourceTree = "<group>";
		};
		BD4504FA1E3753140066FCF0 /* More */ = {
			isa = PBXGroup;
			children = (
				BD4505031E3753770066FCF0 /* MoreViewController.swift */,
			);
			path = More;
			sourceTree = "<group>";
		};
		BD4504FB1E3753140066FCF0 /* Second */ = {
			isa = PBXGroup;
			children = (
				BD4504FF1E37535F0066FCF0 /* SecondViewController.swift */,
			);
			path = Second;
			sourceTree = "<group>";
		};
		BD4504FC1E3753140066FCF0 /* Thrid */ = {
			isa = PBXGroup;
			children = (
				BD4505011E37536C0066FCF0 /* ThridViewController.swift */,
			);
			path = Thrid;
			sourceTree = "<group>";
		};
		BD8B1B251E4C5CE300B49AFF /* ShowImages */ = {
			isa = PBXGroup;
			children = (
				BD8B1B231E4C5CDB00B49AFF /* ShowImagesViewController.swift */,
				BD8B1B261E4C647F00B49AFF /* CounterView.swift */,
			);
			name = ShowImages;
			sourceTree = "<group>";
		};
		BDC4834B1E456ED8009D4F63 /* AnimationResource */ = {
			isa = PBXGroup;
			children = (
				BD8B1B251E4C5CE300B49AFF /* ShowImages */,
				BDCFBFAF1E4881D7005FDEB0 /* airbnb */,
				BDCFBEB51E45AE6E005FDEB0 /* loading2 */,
				BDCFBEB21E45A6CE005FDEB0 /* loading */,
				BDCFBEB31E45A6E2005FDEB0 /* launch */,
				BDCFBEB41E45A6F3005FDEB0 /* transition */,
			);
			path = AnimationResource;
			sourceTree = "<group>";
		};
		BDCFBEB21E45A6CE005FDEB0 /* loading */ = {
			isa = PBXGroup;
			children = (
				BDC4834C1E457797009D4F63 /* WCLLoadingView.swift */,
				BDC483501E4577CD009D4F63 /* LoadingViewController.swift */,
			);
			name = loading;
			sourceTree = "<group>";
		};
		BDCFBEB31E45A6E2005FDEB0 /* launch */ = {
			isa = PBXGroup;
			children = (
				BDCFBEA81E458B5C005FDEB0 /* LaunchView.swift */,
				BDCFBEA61E458B4D005FDEB0 /* LaunchViewController.swift */,
			);
			name = launch;
			sourceTree = "<group>";
		};
		BDCFBEB41E45A6F3005FDEB0 /* transition */ = {
			isa = PBXGroup;
			children = (
				BDCFBEAA1E45A312005FDEB0 /* ImageMaskAnimator.swift */,
				BDCFBEAB1E45A312005FDEB0 /* ImageMaskTransition.swift */,
				BDCFBEAC1E45A312005FDEB0 /* ImageMaskUtils.swift */,
				BDCFBEB01E45A345005FDEB0 /* TransitionViewController.swift */,
				BDCFBF7B1E483141005FDEB0 /* TransitionFristViewController.swift */,
				BDCFBF7D1E483226005FDEB0 /* TransitionSecondViewController.swift */,
				BDCFBF7F1E48332F005FDEB0 /* TransitionAnimation.swift */,
				BDCFBF811E486AB3005FDEB0 /* TransitionFirstPushViewController.swift */,
				BDCFBF831E486AC5005FDEB0 /* TransitionSecondPushViewController.swift */,
			);
			name = transition;
			sourceTree = "<group>";
		};
		BDCFBEB51E45AE6E005FDEB0 /* loading2 */ = {
			isa = PBXGroup;
			children = (
				BDCFBEB61E45AE88005FDEB0 /* LoadingView.swift */,
				BDCFBEB81E45AEA4005FDEB0 /* Loading2ViewController.swift */,
			);
			name = loading2;
			sourceTree = "<group>";
		};
		BDCFBF331E45B7D1005FDEB0 /* UIKitCategory */ = {
			isa = PBXGroup;
			children = (
				BDCFBF341E45B7D1005FDEB0 /* Quartz */,
				BDCFBF381E45B7D1005FDEB0 /* UIBarButtonItem */,
				BDCFBF3A1E45B7D1005FDEB0 /* UIColor */,
				BDCFBF3C1E45B7D1005FDEB0 /* UIDevice */,
				BDCFBF3E1E45B7D1005FDEB0 /* UIFont */,
				BDCFBF401E45B7D1005FDEB0 /* UIImage */,
				BDCFBF421E45B7D1005FDEB0 /* UIImageView */,
				BDCFBF441E45B7D1005FDEB0 /* UINavigationController */,
				BDCFBF461E45B7D1005FDEB0 /* UINavigationItem */,
				BDCFBF481E45B7D1005FDEB0 /* UIResponder */,
				BDCFBF4A1E45B7D1005FDEB0 /* UIScreen */,
				BDCFBF4C1E45B7D1005FDEB0 /* UIScrollView */,
				BDCFBF4E1E45B7D1005FDEB0 /* UITableViewCell */,
				BDCFBF501E45B7D1005FDEB0 /* UITextField */,
				BDCFBF521E45B7D1005FDEB0 /* UITextView */,
				BDCFBF541E45B7D1005FDEB0 /* UIView */,
				BDCFBF561E45B7D1005FDEB0 /* UIWebView */,
			);
			path = UIKitCategory;
			sourceTree = "<group>";
		};
		BDCFBF341E45B7D1005FDEB0 /* Quartz */ = {
			isa = PBXGroup;
			children = (
				BDCFBF351E45B7D1005FDEB0 /* CADisplayLink+JCToRunLoop.swift */,
				BDCFBF361E45B7D1005FDEB0 /* CALayer+JCLayer.swift */,
				BDCFBF371E45B7D1005FDEB0 /* JCGraphicsUtilities.swift */,
			);
			path = Quartz;
			sourceTree = "<group>";
		};
		BDCFBF381E45B7D1005FDEB0 /* UIBarButtonItem */ = {
			isa = PBXGroup;
			children = (
				BDCFBF391E45B7D1005FDEB0 /* UIBarButtonItem+JCBlock.swift */,
			);
			path = UIBarButtonItem;
			sourceTree = "<group>";
		};
		BDCFBF3A1E45B7D1005FDEB0 /* UIColor */ = {
			isa = PBXGroup;
			children = (
				BDCFBF3B1E45B7D1005FDEB0 /* UIColor+JCColor.swift */,
			);
			path = UIColor;
			sourceTree = "<group>";
		};
		BDCFBF3C1E45B7D1005FDEB0 /* UIDevice */ = {
			isa = PBXGroup;
			children = (
				BDCFBF3D1E45B7D1005FDEB0 /* UIDevice+JCDevice.swift */,
			);
			path = UIDevice;
			sourceTree = "<group>";
		};
		BDCFBF3E1E45B7D1005FDEB0 /* UIFont */ = {
			isa = PBXGroup;
			children = (
				BDCFBF3F1E45B7D1005FDEB0 /* UIFont+JCScale.swift */,
			);
			path = UIFont;
			sourceTree = "<group>";
		};
		BDCFBF401E45B7D1005FDEB0 /* UIImage */ = {
			isa = PBXGroup;
			children = (
				BDCFBF411E45B7D1005FDEB0 /* UIImage+JCImage.swift */,
			);
			path = UIImage;
			sourceTree = "<group>";
		};
		BDCFBF421E45B7D1005FDEB0 /* UIImageView */ = {
			isa = PBXGroup;
			children = (
				BDCFBF431E45B7D1005FDEB0 /* UIImageView+JCImageView.swift */,
			);
			path = UIImageView;
			sourceTree = "<group>";
		};
		BDCFBF441E45B7D1005FDEB0 /* UINavigationController */ = {
			isa = PBXGroup;
			children = (
				BDCFBF451E45B7D1005FDEB0 /* UINavigationController+JCNavigationAttributes.swift */,
			);
			path = UINavigationController;
			sourceTree = "<group>";
		};
		BDCFBF461E45B7D1005FDEB0 /* UINavigationItem */ = {
			isa = PBXGroup;
			children = (
				BDCFBF471E45B7D1005FDEB0 /* UINavigationItem+JCLoading.swift */,
			);
			path = UINavigationItem;
			sourceTree = "<group>";
		};
		BDCFBF481E45B7D1005FDEB0 /* UIResponder */ = {
			isa = PBXGroup;
			children = (
				BDCFBF491E45B7D1005FDEB0 /* UIResponder+JCResponder.swift */,
			);
			path = UIResponder;
			sourceTree = "<group>";
		};
		BDCFBF4A1E45B7D1005FDEB0 /* UIScreen */ = {
			isa = PBXGroup;
			children = (
				BDCFBF4B1E45B7D1005FDEB0 /* UIScreen+JCScale.swift */,
			);
			path = UIScreen;
			sourceTree = "<group>";
		};
		BDCFBF4C1E45B7D1005FDEB0 /* UIScrollView */ = {
			isa = PBXGroup;
			children = (
				BDCFBF4D1E45B7D1005FDEB0 /* UIScrollView+JCScrollView.swift */,
			);
			path = UIScrollView;
			sourceTree = "<group>";
		};
		BDCFBF4E1E45B7D1005FDEB0 /* UITableViewCell */ = {
			isa = PBXGroup;
			children = (
				BDCFBF4F1E45B7D1005FDEB0 /* UITableViewCell+JCSeparator.swift */,
			);
			path = UITableViewCell;
			sourceTree = "<group>";
		};
		BDCFBF501E45B7D1005FDEB0 /* UITextField */ = {
			isa = PBXGroup;
			children = (
				BDCFBF511E45B7D1005FDEB0 /* UITextField+JCTextField.swift */,
			);
			path = UITextField;
			sourceTree = "<group>";
		};
		BDCFBF521E45B7D1005FDEB0 /* UITextView */ = {
			isa = PBXGroup;
			children = (
				BDCFBF531E45B7D1005FDEB0 /* UITextView+JCTextView.swift */,
			);
			path = UITextView;
			sourceTree = "<group>";
		};
		BDCFBF541E45B7D1005FDEB0 /* UIView */ = {
			isa = PBXGroup;
			children = (
				BDCFBF551E45B7D1005FDEB0 /* UIView+JCView.swift */,
			);
			path = UIView;
			sourceTree = "<group>";
		};
		BDCFBF561E45B7D1005FDEB0 /* UIWebView */ = {
			isa = PBXGroup;
			children = (
				BDCFBF571E45B7D1005FDEB0 /* UIWebView+JCWebView.swift */,
			);
			path = UIWebView;
			sourceTree = "<group>";
		};
		BDCFBFAF1E4881D7005FDEB0 /* airbnb */ = {
			isa = PBXGroup;
			children = (
				BDCFBFB11E4881D7005FDEB0 /* AirbnbAnimationViewController.swift */,
				BDCFBFB01E4881D7005FDEB0 /* 9squares-AlBoardman.json */,
				BDCFBFB21E4881D7005FDEB0 /* HamburgerArrow.json */,
				BDCFBFB31E4881D7005FDEB0 /* IconTransitions.json */,
				BDCFBFB41E4881D7005FDEB0 /* LottieLogo1.json */,
				BDCFBFB51E4881D7005FDEB0 /* LottieLogo1_masked.json */,
				BDCFBFB61E4881D7005FDEB0 /* LottieLogo2.json */,
				BDCFBFB71E4881D7005FDEB0 /* MotionCorpse-Jrcanest.json */,
				BDCFBFB81E4881D7005FDEB0 /* PinJump.json */,
				BDCFBFB91E4881D7005FDEB0 /* TwitterHeart.json */,
				BDCFBFBA1E4881D7005FDEB0 /* vcTransition1.json */,
				BDCFBFBB1E4881D7005FDEB0 /* vcTransition2.json */,
				BDCFBFBC1E4881D7005FDEB0 /* Watermelon.json */,
			);
			path = airbnb;
			sourceTree = "<group>";
		};
/* End PBXGroup section */

/* Begin PBXNativeTarget section */
		BD4504AF1E372C760066FCF0 /* SwiftCodeFragments */ = {
			isa = PBXNativeTarget;
			buildConfigurationList = BD4504C21E372C760066FCF0 /* Build configuration list for PBXNativeTarget "SwiftCodeFragments" */;
			buildPhases = (
				912ADB5BDF00D495AEE7B142 /* [CP] Check Pods Manifest.lock */,
				BD4504AC1E372C760066FCF0 /* Sources */,
				BD4504AD1E372C760066FCF0 /* Frameworks */,
				BD4504AE1E372C760066FCF0 /* Resources */,
				1BD2CFBAE32E68724BE43AD4 /* [CP] Embed Pods Frameworks */,
				01540410624AB7BC12456B97 /* [CP] Copy Pods Resources */,
			);
			buildRules = (
			);
			dependencies = (
			);
			name = SwiftCodeFragments;
			productName = SwiftCodeFragments;
			productReference = BD4504B01E372C760066FCF0 /* SwiftCodeFragments.app */;
			productType = "com.apple.product-type.application";
		};
/* End PBXNativeTarget section */

/* Begin PBXProject section */
		BD4504A81E372C760066FCF0 /* Project object */ = {
			isa = PBXProject;
			attributes = {
				LastSwiftUpdateCheck = 0820;
				LastUpgradeCheck = 0820;
				ORGANIZATIONNAME = SpeedX;
				TargetAttributes = {
					BD4504AF1E372C760066FCF0 = {
						CreatedOnToolsVersion = 8.2.1;
						DevelopmentTeam = 72D439SU53;
						LastSwiftMigration = 0820;
						ProvisioningStyle = Automatic;
					};
				};
			};
			buildConfigurationList = BD4504AB1E372C760066FCF0 /* Build configuration list for PBXProject "SwiftCodeFragments" */;
			compatibilityVersion = "Xcode 3.2";
			developmentRegion = English;
			hasScannedForEncodings = 0;
			knownRegions = (
				en,
				Base,
			);
			mainGroup = BD4504A71E372C760066FCF0;
			productRefGroup = BD4504B11E372C760066FCF0 /* Products */;
			projectDirPath = "";
			projectRoot = "";
			targets = (
				BD4504AF1E372C760066FCF0 /* SwiftCodeFragments */,
			);
		};
/* End PBXProject section */

/* Begin PBXResourcesBuildPhase section */
		BD4504AE1E372C760066FCF0 /* Resources */ = {
			isa = PBXResourcesBuildPhase;
			buildActionMask = 2147483647;
			files = (
				BDCFBFBF1E4881D7005FDEB0 /* HamburgerArrow.json in Resources */,
				BD4504BB1E372C760066FCF0 /* Assets.xcassets in Resources */,
				BDCFBFC61E4881D7005FDEB0 /* TwitterHeart.json in Resources */,
				BDCFBFC51E4881D7005FDEB0 /* PinJump.json in Resources */,
				BDCFBFC81E4881D7005FDEB0 /* vcTransition2.json in Resources */,
				BDCFBFC71E4881D7005FDEB0 /* vcTransition1.json in Resources */,
				BDCFBFC21E4881D7005FDEB0 /* LottieLogo1_masked.json in Resources */,
				BDCFBFC41E4881D7005FDEB0 /* MotionCorpse-Jrcanest.json in Resources */,
				BDCFBFBD1E4881D7005FDEB0 /* 9squares-AlBoardman.json in Resources */,
				BDCFBFC11E4881D7005FDEB0 /* LottieLogo1.json in Resources */,
				BDCFBFC01E4881D7005FDEB0 /* IconTransitions.json in Resources */,
				BDCFBFC31E4881D7005FDEB0 /* LottieLogo2.json in Resources */,
				BDCFBFC91E4881D7005FDEB0 /* Watermelon.json in Resources */,
			);
			runOnlyForDeploymentPostprocessing = 0;
		};
/* End PBXResourcesBuildPhase section */

/* Begin PBXShellScriptBuildPhase section */
		01540410624AB7BC12456B97 /* [CP] Copy Pods Resources */ = {
			isa = PBXShellScriptBuildPhase;
			buildActionMask = 2147483647;
			files = (
			);
			inputPaths = (
			);
			name = "[CP] Copy Pods Resources";
			outputPaths = (
			);
			runOnlyForDeploymentPostprocessing = 0;
			shellPath = /bin/sh;
			shellScript = "\"${SRCROOT}/Pods/Target Support Files/Pods-SwiftCodeFragments/Pods-SwiftCodeFragments-resources.sh\"\n";
			showEnvVarsInLog = 0;
		};
		1BD2CFBAE32E68724BE43AD4 /* [CP] Embed Pods Frameworks */ = {
			isa = PBXShellScriptBuildPhase;
			buildActionMask = 2147483647;
			files = (
			);
			inputPaths = (
			);
			name = "[CP] Embed Pods Frameworks";
			outputPaths = (
			);
			runOnlyForDeploymentPostprocessing = 0;
			shellPath = /bin/sh;
			shellScript = "\"${SRCROOT}/Pods/Target Support Files/Pods-SwiftCodeFragments/Pods-SwiftCodeFragments-frameworks.sh\"\n";
			showEnvVarsInLog = 0;
		};
		912ADB5BDF00D495AEE7B142 /* [CP] Check Pods Manifest.lock */ = {
			isa = PBXShellScriptBuildPhase;
			buildActionMask = 2147483647;
			files = (
			);
			inputPaths = (
			);
			name = "[CP] Check Pods Manifest.lock";
			outputPaths = (
			);
			runOnlyForDeploymentPostprocessing = 0;
			shellPath = /bin/sh;
			shellScript = "diff \"${PODS_ROOT}/../Podfile.lock\" \"${PODS_ROOT}/Manifest.lock\" > /dev/null\nif [ $? != 0 ] ; then\n    # print error to STDERR\n    echo \"error: The sandbox is not in sync with the Podfile.lock. Run 'pod install' or update your CocoaPods installation.\" >&2\n    exit 1\nfi\n";
			showEnvVarsInLog = 0;
		};
/* End PBXShellScriptBuildPhase section */

/* Begin PBXSourcesBuildPhase section */
		BD4504AC1E372C760066FCF0 /* Sources */ = {
			isa = PBXSourcesBuildPhase;
			buildActionMask = 2147483647;
			files = (
				BDCFBEA71E458B4D005FDEB0 /* LaunchViewController.swift in Sources */,
				BDCFBF651E45B7D1005FDEB0 /* UIScrollView+JCScrollView.swift in Sources */,
				BDCFBF581E45B7D1005FDEB0 /* CADisplayLink+JCToRunLoop.swift in Sources */,
				BD4504C91E374AFA0066FCF0 /* KDInteractiveNavigationController.swift in Sources */,
				BD4504D71E3750C10066FCF0 /* XHTabBar.swift in Sources */,
				BDCFBF221E45B761005FDEB0 /* Bundle+JCBundle.swift in Sources */,
				BDC483511E4577CD009D4F63 /* LoadingViewController.swift in Sources */,
				BDCFBF321E45B79E005FDEB0 /* String+JCString.swift in Sources */,
				BD4504F61E3750F30066FCF0 /* Tool.swift in Sources */,
				BDCFBEA91E458B5C005FDEB0 /* LaunchView.swift in Sources */,
				BD4504CA1E374AFA0066FCF0 /* UIViewController+InteractiveNavigation.swift in Sources */,
				BD4505041E3753770066FCF0 /* MoreViewController.swift in Sources */,
				BD4504CF1E374B730066FCF0 /* MRPullToRefreshLoadMore.swift in Sources */,
				BD4505021E37536C0066FCF0 /* ThridViewController.swift in Sources */,
				BD4504DE1E3750DF0066FCF0 /* SizeMacros.swift in Sources */,
				BDBD37081E56AF8D009B2BE2 /* SendCodeRequestManager.swift in Sources */,
				BD4504B41E372C760066FCF0 /* AppDelegate.swift in Sources */,
				BDCFBF5D1E45B7D1005FDEB0 /* UIDevice+JCDevice.swift in Sources */,
				BD4504DF1E3750DF0066FCF0 /* UtilMacros.swift in Sources */,
				BDCFBF821E486AB3005FDEB0 /* TransitionFirstPushViewController.swift in Sources */,
				BDCFBF631E45B7D1005FDEB0 /* UIResponder+JCResponder.swift in Sources */,
				BDCFBF5B1E45B7D1005FDEB0 /* UIBarButtonItem+JCBlock.swift in Sources */,
				BD4504DD1E3750DF0066FCF0 /* PathMacros.swift in Sources */,
				BDCFBEB91E45AEA4005FDEB0 /* Loading2ViewController.swift in Sources */,
				BDCFBF1E1E45B6EB005FDEB0 /* JCSwiftKitMacro.swift in Sources */,
				BDCFBEAF1E45A312005FDEB0 /* ImageMaskUtils.swift in Sources */,
				BDC4834D1E457797009D4F63 /* WCLLoadingView.swift in Sources */,
				BDCFBEB71E45AE88005FDEB0 /* LoadingView.swift in Sources */,
				BD4505001E37535F0066FCF0 /* SecondViewController.swift in Sources */,
				BD4504F31E3750F30066FCF0 /* UIStoryboard+Extension.swift in Sources */,
				BDCFBF301E45B795005FDEB0 /* URL+JCURL.swift in Sources */,
				BDCFBF5F1E45B7D1005FDEB0 /* UIImage+JCImage.swift in Sources */,
				BDCFBF801E48332F005FDEB0 /* TransitionAnimation.swift in Sources */,
				BDCFBF671E45B7D1005FDEB0 /* UITextField+JCTextField.swift in Sources */,
				BDCFBF661E45B7D1005FDEB0 /* UITableViewCell+JCSeparator.swift in Sources */,
				BDCFBF271E45B77A005FDEB0 /* Date+JCDate.swift in Sources */,
				BDCFBF641E45B7D1005FDEB0 /* UIScreen+JCScale.swift in Sources */,
				BDCFBF691E45B7D1005FDEB0 /* UIView+JCView.swift in Sources */,
				BDCFBF2F1E45B795005FDEB0 /* NSURL+JCURL.swift in Sources */,
				BD4504E31E3750E80066FCF0 /* JokeRequestManager.swift in Sources */,
				BDCFBF621E45B7D1005FDEB0 /* UINavigationItem+JCLoading.swift in Sources */,
				BDCFBF201E45B758005FDEB0 /* FileManager+JCFileManager.swift in Sources */,
				BD4504F71E3750F30066FCF0 /* Urls.swift in Sources */,
				BD4504D91E3750D60066FCF0 /* BaseViewController.swift in Sources */,
				BDC4834A1E44135A009D4F63 /* ApiMacros.swift in Sources */,
				BDCFBF601E45B7D1005FDEB0 /* UIImageView+JCImageView.swift in Sources */,
				BD4504CE1E374B730066FCF0 /* IndicatorView.swift in Sources */,
				BDCFBF5E1E45B7D1005FDEB0 /* UIFont+JCScale.swift in Sources */,
				BDCFBF5A1E45B7D1005FDEB0 /* JCGraphicsUtilities.swift in Sources */,
				BDCFBF591E45B7D1005FDEB0 /* CALayer+JCLayer.swift in Sources */,
				BDCFBF611E45B7D1005FDEB0 /* UINavigationController+JCNavigationAttributes.swift in Sources */,
				BDCFBF7C1E483141005FDEB0 /* TransitionFristViewController.swift in Sources */,
				BDCFBFBE1E4881D7005FDEB0 /* AirbnbAnimationViewController.swift in Sources */,
				BDCFBF7E1E483226005FDEB0 /* TransitionSecondViewController.swift in Sources */,
				BDCFBF281E45B77A005FDEB0 /* NSDate+JCDate.swift in Sources */,
				BD4504E21E3750E80066FCF0 /* BaseRequestManager.swift in Sources */,
				BDCFBF5C1E45B7D1005FDEB0 /* UIColor+JCColor.swift in Sources */,
				BDCFBEAE1E45A312005FDEB0 /* ImageMaskTransition.swift in Sources */,
				BD4504F51E3750F30066FCF0 /* DHButton.swift in Sources */,
				BDCFBF241E45B76A005FDEB0 /* Data+JCData.swift in Sources */,
				BD8B1B271E4C647F00B49AFF /* CounterView.swift in Sources */,
				BDCFBF841E486AC5005FDEB0 /* TransitionSecondPushViewController.swift in Sources */,
				BDCFBF2C1E45B78C005FDEB0 /* NSNumber+JCNumber.swift in Sources */,
				BD8B1B241E4C5CDB00B49AFF /* ShowImagesViewController.swift in Sources */,
				BDCFBF6A1E45B7D1005FDEB0 /* UIWebView+JCWebView.swift in Sources */,
				BDCFBF681E45B7D1005FDEB0 /* UITextView+JCTextView.swift in Sources */,
				BDCFBF2A1E45B784005FDEB0 /* NSMutableAttributedString+JCAttributedString.swift in Sources */,
				BDCFBEAD1E45A312005FDEB0 /* ImageMaskAnimator.swift in Sources */,
				BD4504F21E3750F30066FCF0 /* UINib+Extension.swift in Sources */,
				BDCFBEB11E45A345005FDEB0 /* TransitionViewController.swift in Sources */,
				BD4504FE1E37534D0066FCF0 /* FirstViewController.swift in Sources */,
			);
			runOnlyForDeploymentPostprocessing = 0;
		};
/* End PBXSourcesBuildPhase section */

/* Begin XCBuildConfiguration section */
		BD4504C01E372C760066FCF0 /* Debug */ = {
			isa = XCBuildConfiguration;
			buildSettings = {
				ALWAYS_SEARCH_USER_PATHS = NO;
				CLANG_ANALYZER_NONNULL = YES;
				CLANG_CXX_LANGUAGE_STANDARD = "gnu++0x";
				CLANG_CXX_LIBRARY = "libc++";
				CLANG_ENABLE_MODULES = YES;
				CLANG_ENABLE_OBJC_ARC = YES;
				CLANG_WARN_BOOL_CONVERSION = YES;
				CLANG_WARN_CONSTANT_CONVERSION = YES;
				CLANG_WARN_DIRECT_OBJC_ISA_USAGE = YES_ERROR;
				CLANG_WARN_DOCUMENTATION_COMMENTS = YES;
				CLANG_WARN_EMPTY_BODY = YES;
				CLANG_WARN_ENUM_CONVERSION = YES;
				CLANG_WARN_INFINITE_RECURSION = YES;
				CLANG_WARN_INT_CONVERSION = YES;
				CLANG_WARN_OBJC_ROOT_CLASS = YES_ERROR;
				CLANG_WARN_SUSPICIOUS_MOVE = YES;
				CLANG_WARN_UNREACHABLE_CODE = YES;
				CLANG_WARN__DUPLICATE_METHOD_MATCH = YES;
				"CODE_SIGN_IDENTITY[sdk=iphoneos*]" = "iPhone Developer";
				COPY_PHASE_STRIP = NO;
				DEBUG_INFORMATION_FORMAT = dwarf;
				ENABLE_STRICT_OBJC_MSGSEND = YES;
				ENABLE_TESTABILITY = YES;
				GCC_C_LANGUAGE_STANDARD = gnu99;
				GCC_DYNAMIC_NO_PIC = NO;
				GCC_NO_COMMON_BLOCKS = YES;
				GCC_OPTIMIZATION_LEVEL = 0;
				GCC_PREPROCESSOR_DEFINITIONS = (
					"DEBUG=1",
					"$(inherited)",
				);
				GCC_WARN_64_TO_32_BIT_CONVERSION = YES;
				GCC_WARN_ABOUT_RETURN_TYPE = YES_ERROR;
				GCC_WARN_UNDECLARED_SELECTOR = YES;
				GCC_WARN_UNINITIALIZED_AUTOS = YES_AGGRESSIVE;
				GCC_WARN_UNUSED_FUNCTION = YES;
				GCC_WARN_UNUSED_VARIABLE = YES;
				IPHONEOS_DEPLOYMENT_TARGET = 9.0;
				MTL_ENABLE_DEBUG_INFO = YES;
				ONLY_ACTIVE_ARCH = YES;
				SDKROOT = iphoneos;
				SWIFT_ACTIVE_COMPILATION_CONDITIONS = DEBUG;
				SWIFT_OPTIMIZATION_LEVEL = "-Onone";
			};
			name = Debug;
		};
		BD4504C11E372C760066FCF0 /* Release */ = {
			isa = XCBuildConfiguration;
			buildSettings = {
				ALWAYS_SEARCH_USER_PATHS = NO;
				CLANG_ANALYZER_NONNULL = YES;
				CLANG_CXX_LANGUAGE_STANDARD = "gnu++0x";
				CLANG_CXX_LIBRARY = "libc++";
				CLANG_ENABLE_MODULES = YES;
				CLANG_ENABLE_OBJC_ARC = YES;
				CLANG_WARN_BOOL_CONVERSION = YES;
				CLANG_WARN_CONSTANT_CONVERSION = YES;
				CLANG_WARN_DIRECT_OBJC_ISA_USAGE = YES_ERROR;
				CLANG_WARN_DOCUMENTATION_COMMENTS = YES;
				CLANG_WARN_EMPTY_BODY = YES;
				CLANG_WARN_ENUM_CONVERSION = YES;
				CLANG_WARN_INFINITE_RECURSION = YES;
				CLANG_WARN_INT_CONVERSION = YES;
				CLANG_WARN_OBJC_ROOT_CLASS = YES_ERROR;
				CLANG_WARN_SUSPICIOUS_MOVE = YES;
				CLANG_WARN_UNREACHABLE_CODE = YES;
				CLANG_WARN__DUPLICATE_METHOD_MATCH = YES;
				"CODE_SIGN_IDENTITY[sdk=iphoneos*]" = "iPhone Developer";
				COPY_PHASE_STRIP = NO;
				DEBUG_INFORMATION_FORMAT = "dwarf-with-dsym";
				ENABLE_NS_ASSERTIONS = NO;
				ENABLE_STRICT_OBJC_MSGSEND = YES;
				GCC_C_LANGUAGE_STANDARD = gnu99;
				GCC_NO_COMMON_BLOCKS = YES;
				GCC_WARN_64_TO_32_BIT_CONVERSION = YES;
				GCC_WARN_ABOUT_RETURN_TYPE = YES_ERROR;
				GCC_WARN_UNDECLARED_SELECTOR = YES;
				GCC_WARN_UNINITIALIZED_AUTOS = YES_AGGRESSIVE;
				GCC_WARN_UNUSED_FUNCTION = YES;
				GCC_WARN_UNUSED_VARIABLE = YES;
				IPHONEOS_DEPLOYMENT_TARGET = 9.0;
				MTL_ENABLE_DEBUG_INFO = NO;
				SDKROOT = iphoneos;
				SWIFT_OPTIMIZATION_LEVEL = "-Owholemodule";
				VALIDATE_PRODUCT = YES;
			};
			name = Release;
		};
		BD4504C31E372C760066FCF0 /* Debug */ = {
			isa = XCBuildConfiguration;
			baseConfigurationReference = 5DD52B258095640E6FF4EF39 /* Pods-SwiftCodeFragments.debug.xcconfig */;
			buildSettings = {
				ALWAYS_EMBED_SWIFT_STANDARD_LIBRARIES = YES;
				ASSETCATALOG_COMPILER_APPICON_NAME = AppIcon;
				CLANG_ENABLE_MODULES = YES;
				DEVELOPMENT_TEAM = 72D439SU53;
				INFOPLIST_FILE = SwiftCodeFragments/Info.plist;
				LD_RUNPATH_SEARCH_PATHS = "$(inherited) @executable_path/Frameworks";
				PRODUCT_BUNDLE_IDENTIFIER = com.SpeedX.SwiftCodeFragments;
				PRODUCT_NAME = "$(TARGET_NAME)";
				SWIFT_OBJC_BRIDGING_HEADER = "SwiftCodeFragments/SwiftCodeFragments-Bridging-Header.h";
				SWIFT_OPTIMIZATION_LEVEL = "-Onone";
				SWIFT_VERSION = 3.0;
			};
			name = Debug;
		};
		BD4504C41E372C760066FCF0 /* Release */ = {
			isa = XCBuildConfiguration;
			baseConfigurationReference = 6919F4BA5AA827CBFEBE975D /* Pods-SwiftCodeFragments.release.xcconfig */;
			buildSettings = {
				ALWAYS_EMBED_SWIFT_STANDARD_LIBRARIES = YES;
				ASSETCATALOG_COMPILER_APPICON_NAME = AppIcon;
				CLANG_ENABLE_MODULES = YES;
				DEVELOPMENT_TEAM = 72D439SU53;
				INFOPLIST_FILE = SwiftCodeFragments/Info.plist;
				LD_RUNPATH_SEARCH_PATHS = "$(inherited) @executable_path/Frameworks";
				PRODUCT_BUNDLE_IDENTIFIER = com.SpeedX.SwiftCodeFragments;
				PRODUCT_NAME = "$(TARGET_NAME)";
				SWIFT_OBJC_BRIDGING_HEADER = "SwiftCodeFragments/SwiftCodeFragments-Bridging-Header.h";
				SWIFT_VERSION = 3.0;
			};
			name = Release;
		};
/* End XCBuildConfiguration section */

/* Begin XCConfigurationList section */
		BD4504AB1E372C760066FCF0 /* Build configuration list for PBXProject "SwiftCodeFragments" */ = {
			isa = XCConfigurationList;
			buildConfigurations = (
				BD4504C01E372C760066FCF0 /* Debug */,
				BD4504C11E372C760066FCF0 /* Release */,
			);
			defaultConfigurationIsVisible = 0;
			defaultConfigurationName = Release;
		};
		BD4504C21E372C760066FCF0 /* Build configuration list for PBXNativeTarget "SwiftCodeFragments" */ = {
			isa = XCConfigurationList;
			buildConfigurations = (
				BD4504C31E372C760066FCF0 /* Debug */,
				BD4504C41E372C760066FCF0 /* Release */,
			);
			defaultConfigurationIsVisible = 0;
			defaultConfigurationName = Release;
		};
/* End XCConfigurationList section */
	};
	rootObject = BD4504A81E372C760066FCF0 /* Project object */;
}
